<?xml version="1.0" encoding="utf-8"?>
<Project ToolsVersion="17.0" xmlns="http://schemas.microsoft.com/developer/msbuild/2003">
  <ItemGroup>
    <ClCompile Include="D:\TRY_Engine\dev\Try\Libraries\Jolt\CMakeFiles\Jolt.dir\cmake_pch.cxx">
      <Filter>Source Files</Filter>
    </ClCompile>
    <ClCompile Include="D:\TRY_Engine\dev\Try\Libraries\Jolt\Jolt\AABBTree\AABBTreeBuilder.cpp">
      <Filter>AABBTree</Filter>
    </ClCompile>
    <ClCompile Include="D:\TRY_Engine\dev\Try\Libraries\Jolt\Jolt\Core\Color.cpp">
      <Filter>Core</Filter>
    </ClCompile>
    <ClCompile Include="D:\TRY_Engine\dev\Try\Libraries\Jolt\Jolt\Core\Factory.cpp">
      <Filter>Core</Filter>
    </ClCompile>
    <ClCompile Include="D:\TRY_Engine\dev\Try\Libraries\Jolt\Jolt\Core\IssueReporting.cpp">
      <Filter>Core</Filter>
    </ClCompile>
    <ClCompile Include="D:\TRY_Engine\dev\Try\Libraries\Jolt\Jolt\Core\JobSystemSingleThreaded.cpp">
      <Filter>Core</Filter>
    </ClCompile>
    <ClCompile Include="D:\TRY_Engine\dev\Try\Libraries\Jolt\Jolt\Core\JobSystemThreadPool.cpp">
      <Filter>Core</Filter>
    </ClCompile>
    <ClCompile Include="D:\TRY_Engine\dev\Try\Libraries\Jolt\Jolt\Core\JobSystemWithBarrier.cpp">
      <Filter>Core</Filter>
    </ClCompile>
    <ClCompile Include="D:\TRY_Engine\dev\Try\Libraries\Jolt\Jolt\Core\LinearCurve.cpp">
      <Filter>Core</Filter>
    </ClCompile>
    <ClCompile Include="D:\TRY_Engine\dev\Try\Libraries\Jolt\Jolt\Core\Memory.cpp">
      <Filter>Core</Filter>
    </ClCompile>
    <ClCompile Include="D:\TRY_Engine\dev\Try\Libraries\Jolt\Jolt\Core\Profiler.cpp">
      <Filter>Core</Filter>
    </ClCompile>
    <ClCompile Include="D:\TRY_Engine\dev\Try\Libraries\Jolt\Jolt\Core\RTTI.cpp">
      <Filter>Core</Filter>
    </ClCompile>
    <ClCompile Include="D:\TRY_Engine\dev\Try\Libraries\Jolt\Jolt\Core\Semaphore.cpp">
      <Filter>Core</Filter>
    </ClCompile>
    <ClCompile Include="D:\TRY_Engine\dev\Try\Libraries\Jolt\Jolt\Core\StringTools.cpp">
      <Filter>Core</Filter>
    </ClCompile>
    <ClCompile Include="D:\TRY_Engine\dev\Try\Libraries\Jolt\Jolt\Core\TickCounter.cpp">
      <Filter>Core</Filter>
    </ClCompile>
    <ClCompile Include="D:\TRY_Engine\dev\Try\Libraries\Jolt\Jolt\Geometry\ConvexHullBuilder.cpp">
      <Filter>Geometry</Filter>
    </ClCompile>
    <ClCompile Include="D:\TRY_Engine\dev\Try\Libraries\Jolt\Jolt\Geometry\ConvexHullBuilder2D.cpp">
      <Filter>Geometry</Filter>
    </ClCompile>
    <ClCompile Include="D:\TRY_Engine\dev\Try\Libraries\Jolt\Jolt\Geometry\Indexify.cpp">
      <Filter>Geometry</Filter>
    </ClCompile>
    <ClCompile Include="D:\TRY_Engine\dev\Try\Libraries\Jolt\Jolt\Geometry\OrientedBox.cpp">
      <Filter>Geometry</Filter>
    </ClCompile>
    <ClCompile Include="D:\TRY_Engine\dev\Try\Libraries\Jolt\Jolt\Math\Vec3.cpp">
      <Filter>Math</Filter>
    </ClCompile>
    <ClCompile Include="D:\TRY_Engine\dev\Try\Libraries\Jolt\Jolt\ObjectStream\ObjectStream.cpp">
      <Filter>ObjectStream</Filter>
    </ClCompile>
    <ClCompile Include="D:\TRY_Engine\dev\Try\Libraries\Jolt\Jolt\ObjectStream\ObjectStreamBinaryIn.cpp">
      <Filter>ObjectStream</Filter>
    </ClCompile>
    <ClCompile Include="D:\TRY_Engine\dev\Try\Libraries\Jolt\Jolt\ObjectStream\ObjectStreamBinaryOut.cpp">
      <Filter>ObjectStream</Filter>
    </ClCompile>
    <ClCompile Include="D:\TRY_Engine\dev\Try\Libraries\Jolt\Jolt\ObjectStream\ObjectStreamIn.cpp">
      <Filter>ObjectStream</Filter>
    </ClCompile>
    <ClCompile Include="D:\TRY_Engine\dev\Try\Libraries\Jolt\Jolt\ObjectStream\ObjectStreamOut.cpp">
      <Filter>ObjectStream</Filter>
    </ClCompile>
    <ClCompile Include="D:\TRY_Engine\dev\Try\Libraries\Jolt\Jolt\ObjectStream\ObjectStreamTextIn.cpp">
      <Filter>ObjectStream</Filter>
    </ClCompile>
    <ClCompile Include="D:\TRY_Engine\dev\Try\Libraries\Jolt\Jolt\ObjectStream\ObjectStreamTextOut.cpp">
      <Filter>ObjectStream</Filter>
    </ClCompile>
    <ClCompile Include="D:\TRY_Engine\dev\Try\Libraries\Jolt\Jolt\ObjectStream\SerializableObject.cpp">
      <Filter>ObjectStream</Filter>
    </ClCompile>
    <ClCompile Include="D:\TRY_Engine\dev\Try\Libraries\Jolt\Jolt\ObjectStream\TypeDeclarations.cpp">
      <Filter>ObjectStream</Filter>
    </ClCompile>
    <ClCompile Include="D:\TRY_Engine\dev\Try\Libraries\Jolt\Jolt\Physics\Body\Body.cpp">
      <Filter>Physics\Body</Filter>
    </ClCompile>
    <ClCompile Include="D:\TRY_Engine\dev\Try\Libraries\Jolt\Jolt\Physics\Body\BodyAccess.cpp">
      <Filter>Physics\Body</Filter>
    </ClCompile>
    <ClCompile Include="D:\TRY_Engine\dev\Try\Libraries\Jolt\Jolt\Physics\Body\BodyCreationSettings.cpp">
      <Filter>Physics\Body</Filter>
    </ClCompile>
    <ClCompile Include="D:\TRY_Engine\dev\Try\Libraries\Jolt\Jolt\Physics\Body\BodyInterface.cpp">
      <Filter>Physics\Body</Filter>
    </ClCompile>
    <ClCompile Include="D:\TRY_Engine\dev\Try\Libraries\Jolt\Jolt\Physics\Body\BodyManager.cpp">
      <Filter>Physics\Body</Filter>
    </ClCompile>
    <ClCompile Include="D:\TRY_Engine\dev\Try\Libraries\Jolt\Jolt\Physics\Body\MassProperties.cpp">
      <Filter>Physics\Body</Filter>
    </ClCompile>
    <ClCompile Include="D:\TRY_Engine\dev\Try\Libraries\Jolt\Jolt\Physics\Body\MotionProperties.cpp">
      <Filter>Physics\Body</Filter>
    </ClCompile>
    <ClCompile Include="D:\TRY_Engine\dev\Try\Libraries\Jolt\Jolt\Physics\Character\Character.cpp">
      <Filter>Physics\Character</Filter>
    </ClCompile>
    <ClCompile Include="D:\TRY_Engine\dev\Try\Libraries\Jolt\Jolt\Physics\Character\CharacterBase.cpp">
      <Filter>Physics\Character</Filter>
    </ClCompile>
    <ClCompile Include="D:\TRY_Engine\dev\Try\Libraries\Jolt\Jolt\Physics\Character\CharacterVirtual.cpp">
      <Filter>Physics\Character</Filter>
    </ClCompile>
    <ClCompile Include="D:\TRY_Engine\dev\Try\Libraries\Jolt\Jolt\Physics\Collision\BroadPhase\BroadPhase.cpp">
      <Filter>Physics\Collision\BroadPhase</Filter>
    </ClCompile>
    <ClCompile Include="D:\TRY_Engine\dev\Try\Libraries\Jolt\Jolt\Physics\Collision\BroadPhase\BroadPhaseBruteForce.cpp">
      <Filter>Physics\Collision\BroadPhase</Filter>
    </ClCompile>
    <ClCompile Include="D:\TRY_Engine\dev\Try\Libraries\Jolt\Jolt\Physics\Collision\BroadPhase\BroadPhaseQuadTree.cpp">
      <Filter>Physics\Collision\BroadPhase</Filter>
    </ClCompile>
    <ClCompile Include="D:\TRY_Engine\dev\Try\Libraries\Jolt\Jolt\Physics\Collision\BroadPhase\QuadTree.cpp">
      <Filter>Physics\Collision\BroadPhase</Filter>
    </ClCompile>
    <ClCompile Include="D:\TRY_Engine\dev\Try\Libraries\Jolt\Jolt\Physics\Collision\CastConvexVsTriangles.cpp">
      <Filter>Physics\Collision</Filter>
    </ClCompile>
    <ClCompile Include="D:\TRY_Engine\dev\Try\Libraries\Jolt\Jolt\Physics\Collision\CastSphereVsTriangles.cpp">
      <Filter>Physics\Collision</Filter>
    </ClCompile>
    <ClCompile Include="D:\TRY_Engine\dev\Try\Libraries\Jolt\Jolt\Physics\Collision\CollideConvexVsTriangles.cpp">
      <Filter>Physics\Collision</Filter>
    </ClCompile>
    <ClCompile Include="D:\TRY_Engine\dev\Try\Libraries\Jolt\Jolt\Physics\Collision\CollideSphereVsTriangles.cpp">
      <Filter>Physics\Collision</Filter>
    </ClCompile>
    <ClCompile Include="D:\TRY_Engine\dev\Try\Libraries\Jolt\Jolt\Physics\Collision\CollisionDispatch.cpp">
      <Filter>Physics\Collision</Filter>
    </ClCompile>
    <ClCompile Include="D:\TRY_Engine\dev\Try\Libraries\Jolt\Jolt\Physics\Collision\CollisionGroup.cpp">
      <Filter>Physics\Collision</Filter>
    </ClCompile>
    <ClCompile Include="D:\TRY_Engine\dev\Try\Libraries\Jolt\Jolt\Physics\Collision\EstimateCollisionResponse.cpp">
      <Filter>Physics\Collision</Filter>
    </ClCompile>
    <ClCompile Include="D:\TRY_Engine\dev\Try\Libraries\Jolt\Jolt\Physics\Collision\GroupFilter.cpp">
      <Filter>Physics\Collision</Filter>
    </ClCompile>
    <ClCompile Include="D:\TRY_Engine\dev\Try\Libraries\Jolt\Jolt\Physics\Collision\GroupFilterTable.cpp">
      <Filter>Physics\Collision</Filter>
    </ClCompile>
    <ClCompile Include="D:\TRY_Engine\dev\Try\Libraries\Jolt\Jolt\Physics\Collision\ManifoldBetweenTwoFaces.cpp">
      <Filter>Physics\Collision</Filter>
    </ClCompile>
    <ClCompile Include="D:\TRY_Engine\dev\Try\Libraries\Jolt\Jolt\Physics\Collision\NarrowPhaseQuery.cpp">
      <Filter>Physics\Collision</Filter>
    </ClCompile>
    <ClCompile Include="D:\TRY_Engine\dev\Try\Libraries\Jolt\Jolt\Physics\Collision\NarrowPhaseStats.cpp">
      <Filter>Physics\Collision</Filter>
    </ClCompile>
    <ClCompile Include="D:\TRY_Engine\dev\Try\Libraries\Jolt\Jolt\Physics\Collision\PhysicsMaterial.cpp">
      <Filter>Physics\Collision</Filter>
    </ClCompile>
    <ClCompile Include="D:\TRY_Engine\dev\Try\Libraries\Jolt\Jolt\Physics\Collision\PhysicsMaterialSimple.cpp">
      <Filter>Physics\Collision</Filter>
    </ClCompile>
    <ClCompile Include="D:\TRY_Engine\dev\Try\Libraries\Jolt\Jolt\Physics\Collision\Shape\BoxShape.cpp">
      <Filter>Physics\Collision\Shape</Filter>
    </ClCompile>
    <ClCompile Include="D:\TRY_Engine\dev\Try\Libraries\Jolt\Jolt\Physics\Collision\Shape\CapsuleShape.cpp">
      <Filter>Physics\Collision\Shape</Filter>
    </ClCompile>
    <ClCompile Include="D:\TRY_Engine\dev\Try\Libraries\Jolt\Jolt\Physics\Collision\Shape\CompoundShape.cpp">
      <Filter>Physics\Collision\Shape</Filter>
    </ClCompile>
    <ClCompile Include="D:\TRY_Engine\dev\Try\Libraries\Jolt\Jolt\Physics\Collision\Shape\ConvexHullShape.cpp">
      <Filter>Physics\Collision\Shape</Filter>
    </ClCompile>
    <ClCompile Include="D:\TRY_Engine\dev\Try\Libraries\Jolt\Jolt\Physics\Collision\Shape\ConvexShape.cpp">
      <Filter>Physics\Collision\Shape</Filter>
    </ClCompile>
    <ClCompile Include="D:\TRY_Engine\dev\Try\Libraries\Jolt\Jolt\Physics\Collision\Shape\CylinderShape.cpp">
      <Filter>Physics\Collision\Shape</Filter>
    </ClCompile>
    <ClCompile Include="D:\TRY_Engine\dev\Try\Libraries\Jolt\Jolt\Physics\Collision\Shape\DecoratedShape.cpp">
      <Filter>Physics\Collision\Shape</Filter>
    </ClCompile>
    <ClCompile Include="D:\TRY_Engine\dev\Try\Libraries\Jolt\Jolt\Physics\Collision\Shape\HeightFieldShape.cpp">
      <Filter>Physics\Collision\Shape</Filter>
    </ClCompile>
    <ClCompile Include="D:\TRY_Engine\dev\Try\Libraries\Jolt\Jolt\Physics\Collision\Shape\MeshShape.cpp">
      <Filter>Physics\Collision\Shape</Filter>
    </ClCompile>
    <ClCompile Include="D:\TRY_Engine\dev\Try\Libraries\Jolt\Jolt\Physics\Collision\Shape\MutableCompoundShape.cpp">
      <Filter>Physics\Collision\Shape</Filter>
    </ClCompile>
    <ClCompile Include="D:\TRY_Engine\dev\Try\Libraries\Jolt\Jolt\Physics\Collision\Shape\OffsetCenterOfMassShape.cpp">
      <Filter>Physics\Collision\Shape</Filter>
    </ClCompile>
    <ClCompile Include="D:\TRY_Engine\dev\Try\Libraries\Jolt\Jolt\Physics\Collision\Shape\RotatedTranslatedShape.cpp">
      <Filter>Physics\Collision\Shape</Filter>
    </ClCompile>
    <ClCompile Include="D:\TRY_Engine\dev\Try\Libraries\Jolt\Jolt\Physics\Collision\Shape\ScaledShape.cpp">
      <Filter>Physics\Collision\Shape</Filter>
    </ClCompile>
    <ClCompile Include="D:\TRY_Engine\dev\Try\Libraries\Jolt\Jolt\Physics\Collision\Shape\Shape.cpp">
      <Filter>Physics\Collision\Shape</Filter>
    </ClCompile>
    <ClCompile Include="D:\TRY_Engine\dev\Try\Libraries\Jolt\Jolt\Physics\Collision\Shape\SphereShape.cpp">
      <Filter>Physics\Collision\Shape</Filter>
    </ClCompile>
    <ClCompile Include="D:\TRY_Engine\dev\Try\Libraries\Jolt\Jolt\Physics\Collision\Shape\StaticCompoundShape.cpp">
      <Filter>Physics\Collision\Shape</Filter>
    </ClCompile>
    <ClCompile Include="D:\TRY_Engine\dev\Try\Libraries\Jolt\Jolt\Physics\Collision\Shape\TaperedCapsuleShape.cpp">
      <Filter>Physics\Collision\Shape</Filter>
    </ClCompile>
    <ClCompile Include="D:\TRY_Engine\dev\Try\Libraries\Jolt\Jolt\Physics\Collision\Shape\TriangleShape.cpp">
      <Filter>Physics\Collision\Shape</Filter>
    </ClCompile>
    <ClCompile Include="D:\TRY_Engine\dev\Try\Libraries\Jolt\Jolt\Physics\Collision\TransformedShape.cpp">
      <Filter>Physics\Collision</Filter>
    </ClCompile>
    <ClCompile Include="D:\TRY_Engine\dev\Try\Libraries\Jolt\Jolt\Physics\Constraints\ConeConstraint.cpp">
      <Filter>Physics\Constraints</Filter>
    </ClCompile>
    <ClCompile Include="D:\TRY_Engine\dev\Try\Libraries\Jolt\Jolt\Physics\Constraints\Constraint.cpp">
      <Filter>Physics\Constraints</Filter>
    </ClCompile>
    <ClCompile Include="D:\TRY_Engine\dev\Try\Libraries\Jolt\Jolt\Physics\Constraints\ConstraintManager.cpp">
      <Filter>Physics\Constraints</Filter>
    </ClCompile>
    <ClCompile Include="D:\TRY_Engine\dev\Try\Libraries\Jolt\Jolt\Physics\Constraints\ContactConstraintManager.cpp">
      <Filter>Physics\Constraints</Filter>
    </ClCompile>
    <ClCompile Include="D:\TRY_Engine\dev\Try\Libraries\Jolt\Jolt\Physics\Constraints\DistanceConstraint.cpp">
      <Filter>Physics\Constraints</Filter>
    </ClCompile>
    <ClCompile Include="D:\TRY_Engine\dev\Try\Libraries\Jolt\Jolt\Physics\Constraints\FixedConstraint.cpp">
      <Filter>Physics\Constraints</Filter>
    </ClCompile>
    <ClCompile Include="D:\TRY_Engine\dev\Try\Libraries\Jolt\Jolt\Physics\Constraints\GearConstraint.cpp">
      <Filter>Physics\Constraints</Filter>
    </ClCompile>
    <ClCompile Include="D:\TRY_Engine\dev\Try\Libraries\Jolt\Jolt\Physics\Constraints\HingeConstraint.cpp">
      <Filter>Physics\Constraints</Filter>
    </ClCompile>
    <ClCompile Include="D:\TRY_Engine\dev\Try\Libraries\Jolt\Jolt\Physics\Constraints\MotorSettings.cpp">
      <Filter>Physics\Constraints</Filter>
    </ClCompile>
    <ClCompile Include="D:\TRY_Engine\dev\Try\Libraries\Jolt\Jolt\Physics\Constraints\PathConstraint.cpp">
      <Filter>Physics\Constraints</Filter>
    </ClCompile>
    <ClCompile Include="D:\TRY_Engine\dev\Try\Libraries\Jolt\Jolt\Physics\Constraints\PathConstraintPath.cpp">
      <Filter>Physics\Constraints</Filter>
    </ClCompile>
    <ClCompile Include="D:\TRY_Engine\dev\Try\Libraries\Jolt\Jolt\Physics\Constraints\PathConstraintPathHermite.cpp">
      <Filter>Physics\Constraints</Filter>
    </ClCompile>
    <ClCompile Include="D:\TRY_Engine\dev\Try\Libraries\Jolt\Jolt\Physics\Constraints\PointConstraint.cpp">
      <Filter>Physics\Constraints</Filter>
    </ClCompile>
    <ClCompile Include="D:\TRY_Engine\dev\Try\Libraries\Jolt\Jolt\Physics\Constraints\PulleyConstraint.cpp">
      <Filter>Physics\Constraints</Filter>
    </ClCompile>
    <ClCompile Include="D:\TRY_Engine\dev\Try\Libraries\Jolt\Jolt\Physics\Constraints\RackAndPinionConstraint.cpp">
      <Filter>Physics\Constraints</Filter>
    </ClCompile>
    <ClCompile Include="D:\TRY_Engine\dev\Try\Libraries\Jolt\Jolt\Physics\Constraints\SixDOFConstraint.cpp">
      <Filter>Physics\Constraints</Filter>
    </ClCompile>
    <ClCompile Include="D:\TRY_Engine\dev\Try\Libraries\Jolt\Jolt\Physics\Constraints\SliderConstraint.cpp">
      <Filter>Physics\Constraints</Filter>
    </ClCompile>
    <ClCompile Include="D:\TRY_Engine\dev\Try\Libraries\Jolt\Jolt\Physics\Constraints\SpringSettings.cpp">
      <Filter>Physics\Constraints</Filter>
    </ClCompile>
    <ClCompile Include="D:\TRY_Engine\dev\Try\Libraries\Jolt\Jolt\Physics\Constraints\SwingTwistConstraint.cpp">
      <Filter>Physics\Constraints</Filter>
    </ClCompile>
    <ClCompile Include="D:\TRY_Engine\dev\Try\Libraries\Jolt\Jolt\Physics\Constraints\TwoBodyConstraint.cpp">
      <Filter>Physics\Constraints</Filter>
    </ClCompile>
    <ClCompile Include="D:\TRY_Engine\dev\Try\Libraries\Jolt\Jolt\Physics\DeterminismLog.cpp">
      <Filter>Physics</Filter>
    </ClCompile>
    <ClCompile Include="D:\TRY_Engine\dev\Try\Libraries\Jolt\Jolt\Physics\IslandBuilder.cpp">
      <Filter>Physics</Filter>
    </ClCompile>
    <ClCompile Include="D:\TRY_Engine\dev\Try\Libraries\Jolt\Jolt\Physics\LargeIslandSplitter.cpp">
      <Filter>Physics</Filter>
    </ClCompile>
    <ClCompile Include="D:\TRY_Engine\dev\Try\Libraries\Jolt\Jolt\Physics\PhysicsLock.cpp">
      <Filter>Physics</Filter>
    </ClCompile>
    <ClCompile Include="D:\TRY_Engine\dev\Try\Libraries\Jolt\Jolt\Physics\PhysicsScene.cpp">
      <Filter>Physics</Filter>
    </ClCompile>
    <ClCompile Include="D:\TRY_Engine\dev\Try\Libraries\Jolt\Jolt\Physics\PhysicsSystem.cpp">
      <Filter>Physics</Filter>
    </ClCompile>
    <ClCompile Include="D:\TRY_Engine\dev\Try\Libraries\Jolt\Jolt\Physics\PhysicsUpdateContext.cpp">
      <Filter>Physics</Filter>
    </ClCompile>
    <ClCompile Include="D:\TRY_Engine\dev\Try\Libraries\Jolt\Jolt\Physics\Ragdoll\Ragdoll.cpp">
      <Filter>Physics\Ragdoll</Filter>
    </ClCompile>
    <ClCompile Include="D:\TRY_Engine\dev\Try\Libraries\Jolt\Jolt\Physics\SoftBody\SoftBodyCreationSettings.cpp">
      <Filter>Physics\SoftBody</Filter>
    </ClCompile>
    <ClCompile Include="D:\TRY_Engine\dev\Try\Libraries\Jolt\Jolt\Physics\SoftBody\SoftBodyMotionProperties.cpp">
      <Filter>Physics\SoftBody</Filter>
    </ClCompile>
    <ClCompile Include="D:\TRY_Engine\dev\Try\Libraries\Jolt\Jolt\Physics\SoftBody\SoftBodyShape.cpp">
      <Filter>Physics\SoftBody</Filter>
    </ClCompile>
    <ClCompile Include="D:\TRY_Engine\dev\Try\Libraries\Jolt\Jolt\Physics\SoftBody\SoftBodySharedSettings.cpp">
      <Filter>Physics\SoftBody</Filter>
    </ClCompile>
    <ClCompile Include="D:\TRY_Engine\dev\Try\Libraries\Jolt\Jolt\Physics\StateRecorderImpl.cpp">
      <Filter>Physics</Filter>
    </ClCompile>
    <ClCompile Include="D:\TRY_Engine\dev\Try\Libraries\Jolt\Jolt\Physics\Vehicle\MotorcycleController.cpp">
      <Filter>Physics\Vehicle</Filter>
    </ClCompile>
    <ClCompile Include="D:\TRY_Engine\dev\Try\Libraries\Jolt\Jolt\Physics\Vehicle\TrackedVehicleController.cpp">
      <Filter>Physics\Vehicle</Filter>
    </ClCompile>
    <ClCompile Include="D:\TRY_Engine\dev\Try\Libraries\Jolt\Jolt\Physics\Vehicle\VehicleAntiRollBar.cpp">
      <Filter>Physics\Vehicle</Filter>
    </ClCompile>
    <ClCompile Include="D:\TRY_Engine\dev\Try\Libraries\Jolt\Jolt\Physics\Vehicle\VehicleCollisionTester.cpp">
      <Filter>Physics\Vehicle</Filter>
    </ClCompile>
    <ClCompile Include="D:\TRY_Engine\dev\Try\Libraries\Jolt\Jolt\Physics\Vehicle\VehicleConstraint.cpp">
      <Filter>Physics\Vehicle</Filter>
    </ClCompile>
    <ClCompile Include="D:\TRY_Engine\dev\Try\Libraries\Jolt\Jolt\Physics\Vehicle\VehicleController.cpp">
      <Filter>Physics\Vehicle</Filter>
    </ClCompile>
    <ClCompile Include="D:\TRY_Engine\dev\Try\Libraries\Jolt\Jolt\Physics\Vehicle\VehicleDifferential.cpp">
      <Filter>Physics\Vehicle</Filter>
    </ClCompile>
    <ClCompile Include="D:\TRY_Engine\dev\Try\Libraries\Jolt\Jolt\Physics\Vehicle\VehicleEngine.cpp">
      <Filter>Physics\Vehicle</Filter>
    </ClCompile>
    <ClCompile Include="D:\TRY_Engine\dev\Try\Libraries\Jolt\Jolt\Physics\Vehicle\VehicleTrack.cpp">
      <Filter>Physics\Vehicle</Filter>
    </ClCompile>
    <ClCompile Include="D:\TRY_Engine\dev\Try\Libraries\Jolt\Jolt\Physics\Vehicle\VehicleTransmission.cpp">
      <Filter>Physics\Vehicle</Filter>
    </ClCompile>
    <ClCompile Include="D:\TRY_Engine\dev\Try\Libraries\Jolt\Jolt\Physics\Vehicle\Wheel.cpp">
      <Filter>Physics\Vehicle</Filter>
    </ClCompile>
    <ClCompile Include="D:\TRY_Engine\dev\Try\Libraries\Jolt\Jolt\Physics\Vehicle\WheeledVehicleController.cpp">
      <Filter>Physics\Vehicle</Filter>
    </ClCompile>
    <ClCompile Include="D:\TRY_Engine\dev\Try\Libraries\Jolt\Jolt\RegisterTypes.cpp" />
    <ClCompile Include="D:\TRY_Engine\dev\Try\Libraries\Jolt\Jolt\Renderer\DebugRenderer.cpp">
      <Filter>Renderer</Filter>
    </ClCompile>
    <ClCompile Include="D:\TRY_Engine\dev\Try\Libraries\Jolt\Jolt\Renderer\DebugRendererPlayback.cpp">
      <Filter>Renderer</Filter>
    </ClCompile>
    <ClCompile Include="D:\TRY_Engine\dev\Try\Libraries\Jolt\Jolt\Renderer\DebugRendererRecorder.cpp">
      <Filter>Renderer</Filter>
    </ClCompile>
    <ClCompile Include="D:\TRY_Engine\dev\Try\Libraries\Jolt\Jolt\Skeleton\SkeletalAnimation.cpp">
      <Filter>Skeleton</Filter>
    </ClCompile>
    <ClCompile Include="D:\TRY_Engine\dev\Try\Libraries\Jolt\Jolt\Skeleton\Skeleton.cpp">
      <Filter>Skeleton</Filter>
    </ClCompile>
    <ClCompile Include="D:\TRY_Engine\dev\Try\Libraries\Jolt\Jolt\Skeleton\SkeletonMapper.cpp">
      <Filter>Skeleton</Filter>
    </ClCompile>
    <ClCompile Include="D:\TRY_Engine\dev\Try\Libraries\Jolt\Jolt\Skeleton\SkeletonPose.cpp">
      <Filter>Skeleton</Filter>
    </ClCompile>
    <ClCompile Include="D:\TRY_Engine\dev\Try\Libraries\Jolt\Jolt\TriangleGrouper\TriangleGrouperClosestCentroid.cpp">
      <Filter>TriangleGrouper</Filter>
    </ClCompile>
    <ClCompile Include="D:\TRY_Engine\dev\Try\Libraries\Jolt\Jolt\TriangleGrouper\TriangleGrouperMorton.cpp">
      <Filter>TriangleGrouper</Filter>
    </ClCompile>
    <ClCompile Include="D:\TRY_Engine\dev\Try\Libraries\Jolt\Jolt\TriangleSplitter\TriangleSplitter.cpp">
      <Filter>TriangleSplitter</Filter>
    </ClCompile>
    <ClCompile Include="D:\TRY_Engine\dev\Try\Libraries\Jolt\Jolt\TriangleSplitter\TriangleSplitterBinning.cpp">
      <Filter>TriangleSplitter</Filter>
    </ClCompile>
    <ClCompile Include="D:\TRY_Engine\dev\Try\Libraries\Jolt\Jolt\TriangleSplitter\TriangleSplitterFixedLeafSize.cpp">
      <Filter>TriangleSplitter</Filter>
    </ClCompile>
    <ClCompile Include="D:\TRY_Engine\dev\Try\Libraries\Jolt\Jolt\TriangleSplitter\TriangleSplitterLongestAxis.cpp">
      <Filter>TriangleSplitter</Filter>
    </ClCompile>
    <ClCompile Include="D:\TRY_Engine\dev\Try\Libraries\Jolt\Jolt\TriangleSplitter\TriangleSplitterMean.cpp">
      <Filter>TriangleSplitter</Filter>
    </ClCompile>
    <ClCompile Include="D:\TRY_Engine\dev\Try\Libraries\Jolt\Jolt\TriangleSplitter\TriangleSplitterMorton.cpp">
      <Filter>TriangleSplitter</Filter>
    </ClCompile>
  </ItemGroup>
  <ItemGroup>
    <ClInclude Include="D:\TRY_Engine\dev\Try\Libraries\Jolt\Jolt\AABBTree\AABBTreeBuilder.h">
      <Filter>AABBTree</Filter>
    </ClInclude>
    <ClInclude Include="D:\TRY_Engine\dev\Try\Libraries\Jolt\Jolt\AABBTree\AABBTreeToBuffer.h">
      <Filter>AABBTree</Filter>
    </ClInclude>
    <ClInclude Include="D:\TRY_Engine\dev\Try\Libraries\Jolt\Jolt\AABBTree\NodeCodec\NodeCodecQuadTreeHalfFloat.h">
      <Filter>AABBTree\NodeCodec</Filter>
    </ClInclude>
    <ClInclude Include="D:\TRY_Engine\dev\Try\Libraries\Jolt\Jolt\AABBTree\TriangleCodec\TriangleCodecIndexed8BitPackSOA4Flags.h">
      <Filter>AABBTree\TriangleCodec</Filter>
    </ClInclude>
    <ClInclude Include="D:\TRY_Engine\dev\Try\Libraries\Jolt\Jolt\Core\ARMNeon.h">
      <Filter>Core</Filter>
    </ClInclude>
    <ClInclude Include="D:\TRY_Engine\dev\Try\Libraries\Jolt\Jolt\Core\Atomics.h">
      <Filter>Core</Filter>
    </ClInclude>
    <ClInclude Include="D:\TRY_Engine\dev\Try\Libraries\Jolt\Jolt\Core\ByteBuffer.h">
      <Filter>Core</Filter>
    </ClInclude>
    <ClInclude Include="D:\TRY_Engine\dev\Try\Libraries\Jolt\Jolt\Core\Color.h">
      <Filter>Core</Filter>
    </ClInclude>
    <ClInclude Include="D:\TRY_Engine\dev\Try\Libraries\Jolt\Jolt\Core\Core.h">
      <Filter>Core</Filter>
    </ClInclude>
    <ClInclude Include="D:\TRY_Engine\dev\Try\Libraries\Jolt\Jolt\Core\Factory.h">
      <Filter>Core</Filter>
    </ClInclude>
    <ClInclude Include="D:\TRY_Engine\dev\Try\Libraries\Jolt\Jolt\Core\FixedSizeFreeList.h">
      <Filter>Core</Filter>
    </ClInclude>
    <ClInclude Include="D:\TRY_Engine\dev\Try\Libraries\Jolt\Jolt\Core\FixedSizeFreeList.inl">
      <Filter>Core</Filter>
    </ClInclude>
    <ClInclude Include="D:\TRY_Engine\dev\Try\Libraries\Jolt\Jolt\Core\FPControlWord.h">
      <Filter>Core</Filter>
    </ClInclude>
    <ClInclude Include="D:\TRY_Engine\dev\Try\Libraries\Jolt\Jolt\Core\FPException.h">
      <Filter>Core</Filter>
    </ClInclude>
    <ClInclude Include="D:\TRY_Engine\dev\Try\Libraries\Jolt\Jolt\Core\FPFlushDenormals.h">
      <Filter>Core</Filter>
    </ClInclude>
    <ClInclude Include="D:\TRY_Engine\dev\Try\Libraries\Jolt\Jolt\Core\HashCombine.h">
      <Filter>Core</Filter>
    </ClInclude>
    <ClInclude Include="D:\TRY_Engine\dev\Try\Libraries\Jolt\Jolt\Core\InsertionSort.h">
      <Filter>Core</Filter>
    </ClInclude>
    <ClInclude Include="D:\TRY_Engine\dev\Try\Libraries\Jolt\Jolt\Core\IssueReporting.h">
      <Filter>Core</Filter>
    </ClInclude>
    <ClInclude Include="D:\TRY_Engine\dev\Try\Libraries\Jolt\Jolt\Core\JobSystem.h">
      <Filter>Core</Filter>
    </ClInclude>
    <ClInclude Include="D:\TRY_Engine\dev\Try\Libraries\Jolt\Jolt\Core\JobSystem.inl">
      <Filter>Core</Filter>
    </ClInclude>
    <ClInclude Include="D:\TRY_Engine\dev\Try\Libraries\Jolt\Jolt\Core\JobSystemSingleThreaded.h">
      <Filter>Core</Filter>
    </ClInclude>
    <ClInclude Include="D:\TRY_Engine\dev\Try\Libraries\Jolt\Jolt\Core\JobSystemThreadPool.h">
      <Filter>Core</Filter>
    </ClInclude>
    <ClInclude Include="D:\TRY_Engine\dev\Try\Libraries\Jolt\Jolt\Core\JobSystemWithBarrier.h">
      <Filter>Core</Filter>
    </ClInclude>
    <ClInclude Include="D:\TRY_Engine\dev\Try\Libraries\Jolt\Jolt\Core\LinearCurve.h">
      <Filter>Core</Filter>
    </ClInclude>
    <ClInclude Include="D:\TRY_Engine\dev\Try\Libraries\Jolt\Jolt\Core\LockFreeHashMap.h">
      <Filter>Core</Filter>
    </ClInclude>
    <ClInclude Include="D:\TRY_Engine\dev\Try\Libraries\Jolt\Jolt\Core\LockFreeHashMap.inl">
      <Filter>Core</Filter>
    </ClInclude>
    <ClInclude Include="D:\TRY_Engine\dev\Try\Libraries\Jolt\Jolt\Core\Memory.h">
      <Filter>Core</Filter>
    </ClInclude>
    <ClInclude Include="D:\TRY_Engine\dev\Try\Libraries\Jolt\Jolt\Core\Mutex.h">
      <Filter>Core</Filter>
    </ClInclude>
    <ClInclude Include="D:\TRY_Engine\dev\Try\Libraries\Jolt\Jolt\Core\MutexArray.h">
      <Filter>Core</Filter>
    </ClInclude>
    <ClInclude Include="D:\TRY_Engine\dev\Try\Libraries\Jolt\Jolt\Core\NonCopyable.h">
      <Filter>Core</Filter>
    </ClInclude>
    <ClInclude Include="D:\TRY_Engine\dev\Try\Libraries\Jolt\Jolt\Core\Profiler.h">
      <Filter>Core</Filter>
    </ClInclude>
    <ClInclude Include="D:\TRY_Engine\dev\Try\Libraries\Jolt\Jolt\Core\Profiler.inl">
      <Filter>Core</Filter>
    </ClInclude>
    <ClInclude Include="D:\TRY_Engine\dev\Try\Libraries\Jolt\Jolt\Core\QuickSort.h">
      <Filter>Core</Filter>
    </ClInclude>
    <ClInclude Include="D:\TRY_Engine\dev\Try\Libraries\Jolt\Jolt\Core\Reference.h">
      <Filter>Core</Filter>
    </ClInclude>
    <ClInclude Include="D:\TRY_Engine\dev\Try\Libraries\Jolt\Jolt\Core\Result.h">
      <Filter>Core</Filter>
    </ClInclude>
    <ClInclude Include="D:\TRY_Engine\dev\Try\Libraries\Jolt\Jolt\Core\RTTI.h">
      <Filter>Core</Filter>
    </ClInclude>
    <ClInclude Include="D:\TRY_Engine\dev\Try\Libraries\Jolt\Jolt\Core\Semaphore.h">
      <Filter>Core</Filter>
    </ClInclude>
    <ClInclude Include="D:\TRY_Engine\dev\Try\Libraries\Jolt\Jolt\Core\StaticArray.h">
      <Filter>Core</Filter>
    </ClInclude>
    <ClInclude Include="D:\TRY_Engine\dev\Try\Libraries\Jolt\Jolt\Core\StreamIn.h">
      <Filter>Core</Filter>
    </ClInclude>
    <ClInclude Include="D:\TRY_Engine\dev\Try\Libraries\Jolt\Jolt\Core\StreamOut.h">
      <Filter>Core</Filter>
    </ClInclude>
    <ClInclude Include="D:\TRY_Engine\dev\Try\Libraries\Jolt\Jolt\Core\StreamUtils.h">
      <Filter>Core</Filter>
    </ClInclude>
    <ClInclude Include="D:\TRY_Engine\dev\Try\Libraries\Jolt\Jolt\Core\StreamWrapper.h">
      <Filter>Core</Filter>
    </ClInclude>
    <ClInclude Include="D:\TRY_Engine\dev\Try\Libraries\Jolt\Jolt\Core\StringTools.h">
      <Filter>Core</Filter>
    </ClInclude>
    <ClInclude Include="D:\TRY_Engine\dev\Try\Libraries\Jolt\Jolt\Core\STLAlignedAllocator.h">
      <Filter>Core</Filter>
    </ClInclude>
    <ClInclude Include="D:\TRY_Engine\dev\Try\Libraries\Jolt\Jolt\Core\STLAllocator.h">
      <Filter>Core</Filter>
    </ClInclude>
    <ClInclude Include="D:\TRY_Engine\dev\Try\Libraries\Jolt\Jolt\Core\STLTempAllocator.h">
      <Filter>Core</Filter>
    </ClInclude>
    <ClInclude Include="D:\TRY_Engine\dev\Try\Libraries\Jolt\Jolt\Core\TempAllocator.h">
      <Filter>Core</Filter>
    </ClInclude>
    <ClInclude Include="D:\TRY_Engine\dev\Try\Libraries\Jolt\Jolt\Core\TickCounter.h">
      <Filter>Core</Filter>
    </ClInclude>
    <ClInclude Include="D:\TRY_Engine\dev\Try\Libraries\Jolt\Jolt\Core\UnorderedMap.h">
      <Filter>Core</Filter>
    </ClInclude>
    <ClInclude Include="D:\TRY_Engine\dev\Try\Libraries\Jolt\Jolt\Core\UnorderedSet.h">
      <Filter>Core</Filter>
    </ClInclude>
    <ClInclude Include="D:\TRY_Engine\dev\Try\Libraries\Jolt\Jolt\Geometry\AABox.h">
      <Filter>Geometry</Filter>
    </ClInclude>
    <ClInclude Include="D:\TRY_Engine\dev\Try\Libraries\Jolt\Jolt\Geometry\AABox4.h">
      <Filter>Geometry</Filter>
    </ClInclude>
    <ClInclude Include="D:\TRY_Engine\dev\Try\Libraries\Jolt\Jolt\Geometry\ClipPoly.h">
      <Filter>Geometry</Filter>
    </ClInclude>
    <ClInclude Include="D:\TRY_Engine\dev\Try\Libraries\Jolt\Jolt\Geometry\ClosestPoint.h">
      <Filter>Geometry</Filter>
    </ClInclude>
    <ClInclude Include="D:\TRY_Engine\dev\Try\Libraries\Jolt\Jolt\Geometry\ConvexHullBuilder.h">
      <Filter>Geometry</Filter>
    </ClInclude>
    <ClInclude Include="D:\TRY_Engine\dev\Try\Libraries\Jolt\Jolt\Geometry\ConvexHullBuilder2D.h">
      <Filter>Geometry</Filter>
    </ClInclude>
    <ClInclude Include="D:\TRY_Engine\dev\Try\Libraries\Jolt\Jolt\Geometry\ConvexSupport.h">
      <Filter>Geometry</Filter>
    </ClInclude>
    <ClInclude Include="D:\TRY_Engine\dev\Try\Libraries\Jolt\Jolt\Geometry\Ellipse.h">
      <Filter>Geometry</Filter>
    </ClInclude>
    <ClInclude Include="D:\TRY_Engine\dev\Try\Libraries\Jolt\Jolt\Geometry\EPAConvexHullBuilder.h">
      <Filter>Geometry</Filter>
    </ClInclude>
    <ClInclude Include="D:\TRY_Engine\dev\Try\Libraries\Jolt\Jolt\Geometry\EPAPenetrationDepth.h">
      <Filter>Geometry</Filter>
    </ClInclude>
    <ClInclude Include="D:\TRY_Engine\dev\Try\Libraries\Jolt\Jolt\Geometry\GJKClosestPoint.h">
      <Filter>Geometry</Filter>
    </ClInclude>
    <ClInclude Include="D:\TRY_Engine\dev\Try\Libraries\Jolt\Jolt\Geometry\IndexedTriangle.h">
      <Filter>Geometry</Filter>
    </ClInclude>
    <ClInclude Include="D:\TRY_Engine\dev\Try\Libraries\Jolt\Jolt\Geometry\Indexify.h">
      <Filter>Geometry</Filter>
    </ClInclude>
    <ClInclude Include="D:\TRY_Engine\dev\Try\Libraries\Jolt\Jolt\Geometry\MortonCode.h">
      <Filter>Geometry</Filter>
    </ClInclude>
    <ClInclude Include="D:\TRY_Engine\dev\Try\Libraries\Jolt\Jolt\Geometry\OrientedBox.h">
      <Filter>Geometry</Filter>
    </ClInclude>
    <ClInclude Include="D:\TRY_Engine\dev\Try\Libraries\Jolt\Jolt\Geometry\Plane.h">
      <Filter>Geometry</Filter>
    </ClInclude>
    <ClInclude Include="D:\TRY_Engine\dev\Try\Libraries\Jolt\Jolt\Geometry\RayAABox.h">
      <Filter>Geometry</Filter>
    </ClInclude>
    <ClInclude Include="D:\TRY_Engine\dev\Try\Libraries\Jolt\Jolt\Geometry\RayAABox8.h">
      <Filter>Geometry</Filter>
    </ClInclude>
    <ClInclude Include="D:\TRY_Engine\dev\Try\Libraries\Jolt\Jolt\Geometry\RayCapsule.h">
      <Filter>Geometry</Filter>
    </ClInclude>
    <ClInclude Include="D:\TRY_Engine\dev\Try\Libraries\Jolt\Jolt\Geometry\RayCylinder.h">
      <Filter>Geometry</Filter>
    </ClInclude>
    <ClInclude Include="D:\TRY_Engine\dev\Try\Libraries\Jolt\Jolt\Geometry\RaySphere.h">
      <Filter>Geometry</Filter>
    </ClInclude>
    <ClInclude Include="D:\TRY_Engine\dev\Try\Libraries\Jolt\Jolt\Geometry\RayTriangle.h">
      <Filter>Geometry</Filter>
    </ClInclude>
    <ClInclude Include="D:\TRY_Engine\dev\Try\Libraries\Jolt\Jolt\Geometry\RayTriangle8.h">
      <Filter>Geometry</Filter>
    </ClInclude>
    <ClInclude Include="D:\TRY_Engine\dev\Try\Libraries\Jolt\Jolt\Geometry\Sphere.h">
      <Filter>Geometry</Filter>
    </ClInclude>
    <ClInclude Include="D:\TRY_Engine\dev\Try\Libraries\Jolt\Jolt\Geometry\Triangle.h">
      <Filter>Geometry</Filter>
    </ClInclude>
    <ClInclude Include="D:\TRY_Engine\dev\Try\Libraries\Jolt\Jolt\Jolt.h" />
    <ClInclude Include="D:\TRY_Engine\dev\Try\Libraries\Jolt\Jolt\Math\DMat44.h">
      <Filter>Math</Filter>
    </ClInclude>
    <ClInclude Include="D:\TRY_Engine\dev\Try\Libraries\Jolt\Jolt\Math\DMat44.inl">
      <Filter>Math</Filter>
    </ClInclude>
    <ClInclude Include="D:\TRY_Engine\dev\Try\Libraries\Jolt\Jolt\Math\Double3.h">
      <Filter>Math</Filter>
    </ClInclude>
    <ClInclude Include="D:\TRY_Engine\dev\Try\Libraries\Jolt\Jolt\Math\DVec3.h">
      <Filter>Math</Filter>
    </ClInclude>
    <ClInclude Include="D:\TRY_Engine\dev\Try\Libraries\Jolt\Jolt\Math\DVec3.inl">
      <Filter>Math</Filter>
    </ClInclude>
    <ClInclude Include="D:\TRY_Engine\dev\Try\Libraries\Jolt\Jolt\Math\DynMatrix.h">
      <Filter>Math</Filter>
    </ClInclude>
    <ClInclude Include="D:\TRY_Engine\dev\Try\Libraries\Jolt\Jolt\Math\EigenValueSymmetric.h">
      <Filter>Math</Filter>
    </ClInclude>
    <ClInclude Include="D:\TRY_Engine\dev\Try\Libraries\Jolt\Jolt\Math\FindRoot.h">
      <Filter>Math</Filter>
    </ClInclude>
    <ClInclude Include="D:\TRY_Engine\dev\Try\Libraries\Jolt\Jolt\Math\Float2.h">
      <Filter>Math</Filter>
    </ClInclude>
    <ClInclude Include="D:\TRY_Engine\dev\Try\Libraries\Jolt\Jolt\Math\Float3.h">
      <Filter>Math</Filter>
    </ClInclude>
    <ClInclude Include="D:\TRY_Engine\dev\Try\Libraries\Jolt\Jolt\Math\Float4.h">
      <Filter>Math</Filter>
    </ClInclude>
    <ClInclude Include="D:\TRY_Engine\dev\Try\Libraries\Jolt\Jolt\Math\GaussianElimination.h">
      <Filter>Math</Filter>
    </ClInclude>
    <ClInclude Include="D:\TRY_Engine\dev\Try\Libraries\Jolt\Jolt\Math\HalfFloat.h">
      <Filter>Math</Filter>
    </ClInclude>
    <ClInclude Include="D:\TRY_Engine\dev\Try\Libraries\Jolt\Jolt\Math\Mat44.h">
      <Filter>Math</Filter>
    </ClInclude>
    <ClInclude Include="D:\TRY_Engine\dev\Try\Libraries\Jolt\Jolt\Math\Mat44.inl">
      <Filter>Math</Filter>
    </ClInclude>
    <ClInclude Include="D:\TRY_Engine\dev\Try\Libraries\Jolt\Jolt\Math\Math.h">
      <Filter>Math</Filter>
    </ClInclude>
    <ClInclude Include="D:\TRY_Engine\dev\Try\Libraries\Jolt\Jolt\Math\MathTypes.h">
      <Filter>Math</Filter>
    </ClInclude>
    <ClInclude Include="D:\TRY_Engine\dev\Try\Libraries\Jolt\Jolt\Math\Matrix.h">
      <Filter>Math</Filter>
    </ClInclude>
    <ClInclude Include="D:\TRY_Engine\dev\Try\Libraries\Jolt\Jolt\Math\Quat.h">
      <Filter>Math</Filter>
    </ClInclude>
    <ClInclude Include="D:\TRY_Engine\dev\Try\Libraries\Jolt\Jolt\Math\Quat.inl">
      <Filter>Math</Filter>
    </ClInclude>
    <ClInclude Include="D:\TRY_Engine\dev\Try\Libraries\Jolt\Jolt\Math\Real.h">
      <Filter>Math</Filter>
    </ClInclude>
    <ClInclude Include="D:\TRY_Engine\dev\Try\Libraries\Jolt\Jolt\Math\Swizzle.h">
      <Filter>Math</Filter>
    </ClInclude>
    <ClInclude Include="D:\TRY_Engine\dev\Try\Libraries\Jolt\Jolt\Math\Trigonometry.h">
      <Filter>Math</Filter>
    </ClInclude>
    <ClInclude Include="D:\TRY_Engine\dev\Try\Libraries\Jolt\Jolt\Math\UVec4.h">
      <Filter>Math</Filter>
    </ClInclude>
    <ClInclude Include="D:\TRY_Engine\dev\Try\Libraries\Jolt\Jolt\Math\UVec4.inl">
      <Filter>Math</Filter>
    </ClInclude>
    <ClInclude Include="D:\TRY_Engine\dev\Try\Libraries\Jolt\Jolt\Math\UVec8.h">
      <Filter>Math</Filter>
    </ClInclude>
    <ClInclude Include="D:\TRY_Engine\dev\Try\Libraries\Jolt\Jolt\Math\UVec8.inl">
      <Filter>Math</Filter>
    </ClInclude>
    <ClInclude Include="D:\TRY_Engine\dev\Try\Libraries\Jolt\Jolt\Math\Vec3.h">
      <Filter>Math</Filter>
    </ClInclude>
    <ClInclude Include="D:\TRY_Engine\dev\Try\Libraries\Jolt\Jolt\Math\Vec3.inl">
      <Filter>Math</Filter>
    </ClInclude>
    <ClInclude Include="D:\TRY_Engine\dev\Try\Libraries\Jolt\Jolt\Math\Vec4.h">
      <Filter>Math</Filter>
    </ClInclude>
    <ClInclude Include="D:\TRY_Engine\dev\Try\Libraries\Jolt\Jolt\Math\Vec4.inl">
      <Filter>Math</Filter>
    </ClInclude>
    <ClInclude Include="D:\TRY_Engine\dev\Try\Libraries\Jolt\Jolt\Math\Vec8.h">
      <Filter>Math</Filter>
    </ClInclude>
    <ClInclude Include="D:\TRY_Engine\dev\Try\Libraries\Jolt\Jolt\Math\Vec8.inl">
      <Filter>Math</Filter>
    </ClInclude>
    <ClInclude Include="D:\TRY_Engine\dev\Try\Libraries\Jolt\Jolt\Math\Vector.h">
      <Filter>Math</Filter>
    </ClInclude>
    <ClInclude Include="D:\TRY_Engine\dev\Try\Libraries\Jolt\Jolt\ObjectStream\GetPrimitiveTypeOfType.h">
      <Filter>ObjectStream</Filter>
    </ClInclude>
    <ClInclude Include="D:\TRY_Engine\dev\Try\Libraries\Jolt\Jolt\ObjectStream\ObjectStream.h">
      <Filter>ObjectStream</Filter>
    </ClInclude>
    <ClInclude Include="D:\TRY_Engine\dev\Try\Libraries\Jolt\Jolt\ObjectStream\ObjectStreamBinaryIn.h">
      <Filter>ObjectStream</Filter>
    </ClInclude>
    <ClInclude Include="D:\TRY_Engine\dev\Try\Libraries\Jolt\Jolt\ObjectStream\ObjectStreamBinaryOut.h">
      <Filter>ObjectStream</Filter>
    </ClInclude>
    <ClInclude Include="D:\TRY_Engine\dev\Try\Libraries\Jolt\Jolt\ObjectStream\ObjectStreamIn.h">
      <Filter>ObjectStream</Filter>
    </ClInclude>
    <ClInclude Include="D:\TRY_Engine\dev\Try\Libraries\Jolt\Jolt\ObjectStream\ObjectStreamOut.h">
      <Filter>ObjectStream</Filter>
    </ClInclude>
    <ClInclude Include="D:\TRY_Engine\dev\Try\Libraries\Jolt\Jolt\ObjectStream\ObjectStreamTextIn.h">
      <Filter>ObjectStream</Filter>
    </ClInclude>
    <ClInclude Include="D:\TRY_Engine\dev\Try\Libraries\Jolt\Jolt\ObjectStream\ObjectStreamTextOut.h">
      <Filter>ObjectStream</Filter>
    </ClInclude>
    <ClInclude Include="D:\TRY_Engine\dev\Try\Libraries\Jolt\Jolt\ObjectStream\ObjectStreamTypes.h">
      <Filter>ObjectStream</Filter>
    </ClInclude>
    <ClInclude Include="D:\TRY_Engine\dev\Try\Libraries\Jolt\Jolt\ObjectStream\SerializableAttribute.h">
      <Filter>ObjectStream</Filter>
    </ClInclude>
    <ClInclude Include="D:\TRY_Engine\dev\Try\Libraries\Jolt\Jolt\ObjectStream\SerializableAttributeEnum.h">
      <Filter>ObjectStream</Filter>
    </ClInclude>
    <ClInclude Include="D:\TRY_Engine\dev\Try\Libraries\Jolt\Jolt\ObjectStream\SerializableAttributeTyped.h">
      <Filter>ObjectStream</Filter>
    </ClInclude>
    <ClInclude Include="D:\TRY_Engine\dev\Try\Libraries\Jolt\Jolt\ObjectStream\SerializableObject.h">
      <Filter>ObjectStream</Filter>
    </ClInclude>
    <ClInclude Include="D:\TRY_Engine\dev\Try\Libraries\Jolt\Jolt\ObjectStream\TypeDeclarations.h">
      <Filter>ObjectStream</Filter>
    </ClInclude>
    <ClInclude Include="D:\TRY_Engine\dev\Try\Libraries\Jolt\Jolt\Physics\Body\AllowedDOFs.h">
      <Filter>Physics\Body</Filter>
    </ClInclude>
    <ClInclude Include="D:\TRY_Engine\dev\Try\Libraries\Jolt\Jolt\Physics\Body\Body.h">
      <Filter>Physics\Body</Filter>
    </ClInclude>
    <ClInclude Include="D:\TRY_Engine\dev\Try\Libraries\Jolt\Jolt\Physics\Body\Body.inl">
      <Filter>Physics\Body</Filter>
    </ClInclude>
    <ClInclude Include="D:\TRY_Engine\dev\Try\Libraries\Jolt\Jolt\Physics\Body\BodyAccess.h">
      <Filter>Physics\Body</Filter>
    </ClInclude>
    <ClInclude Include="D:\TRY_Engine\dev\Try\Libraries\Jolt\Jolt\Physics\Body\BodyActivationListener.h">
      <Filter>Physics\Body</Filter>
    </ClInclude>
    <ClInclude Include="D:\TRY_Engine\dev\Try\Libraries\Jolt\Jolt\Physics\Body\BodyCreationSettings.h">
      <Filter>Physics\Body</Filter>
    </ClInclude>
    <ClInclude Include="D:\TRY_Engine\dev\Try\Libraries\Jolt\Jolt\Physics\Body\BodyFilter.h">
      <Filter>Physics\Body</Filter>
    </ClInclude>
    <ClInclude Include="D:\TRY_Engine\dev\Try\Libraries\Jolt\Jolt\Physics\Body\BodyID.h">
      <Filter>Physics\Body</Filter>
    </ClInclude>
    <ClInclude Include="D:\TRY_Engine\dev\Try\Libraries\Jolt\Jolt\Physics\Body\BodyInterface.h">
      <Filter>Physics\Body</Filter>
    </ClInclude>
    <ClInclude Include="D:\TRY_Engine\dev\Try\Libraries\Jolt\Jolt\Physics\Body\BodyLock.h">
      <Filter>Physics\Body</Filter>
    </ClInclude>
    <ClInclude Include="D:\TRY_Engine\dev\Try\Libraries\Jolt\Jolt\Physics\Body\BodyLockInterface.h">
      <Filter>Physics\Body</Filter>
    </ClInclude>
    <ClInclude Include="D:\TRY_Engine\dev\Try\Libraries\Jolt\Jolt\Physics\Body\BodyLockMulti.h">
      <Filter>Physics\Body</Filter>
    </ClInclude>
    <ClInclude Include="D:\TRY_Engine\dev\Try\Libraries\Jolt\Jolt\Physics\Body\BodyManager.h">
      <Filter>Physics\Body</Filter>
    </ClInclude>
    <ClInclude Include="D:\TRY_Engine\dev\Try\Libraries\Jolt\Jolt\Physics\Body\BodyPair.h">
      <Filter>Physics\Body</Filter>
    </ClInclude>
    <ClInclude Include="D:\TRY_Engine\dev\Try\Libraries\Jolt\Jolt\Physics\Body\BodyType.h">
      <Filter>Physics\Body</Filter>
    </ClInclude>
    <ClInclude Include="D:\TRY_Engine\dev\Try\Libraries\Jolt\Jolt\Physics\Body\MassProperties.h">
      <Filter>Physics\Body</Filter>
    </ClInclude>
    <ClInclude Include="D:\TRY_Engine\dev\Try\Libraries\Jolt\Jolt\Physics\Body\MotionProperties.h">
      <Filter>Physics\Body</Filter>
    </ClInclude>
    <ClInclude Include="D:\TRY_Engine\dev\Try\Libraries\Jolt\Jolt\Physics\Body\MotionProperties.inl">
      <Filter>Physics\Body</Filter>
    </ClInclude>
    <ClInclude Include="D:\TRY_Engine\dev\Try\Libraries\Jolt\Jolt\Physics\Body\MotionQuality.h">
      <Filter>Physics\Body</Filter>
    </ClInclude>
    <ClInclude Include="D:\TRY_Engine\dev\Try\Libraries\Jolt\Jolt\Physics\Body\MotionType.h">
      <Filter>Physics\Body</Filter>
    </ClInclude>
    <ClInclude Include="D:\TRY_Engine\dev\Try\Libraries\Jolt\Jolt\Physics\Character\Character.h">
      <Filter>Physics\Character</Filter>
    </ClInclude>
    <ClInclude Include="D:\TRY_Engine\dev\Try\Libraries\Jolt\Jolt\Physics\Character\CharacterBase.h">
      <Filter>Physics\Character</Filter>
    </ClInclude>
    <ClInclude Include="D:\TRY_Engine\dev\Try\Libraries\Jolt\Jolt\Physics\Character\CharacterVirtual.h">
      <Filter>Physics\Character</Filter>
    </ClInclude>
    <ClInclude Include="D:\TRY_Engine\dev\Try\Libraries\Jolt\Jolt\Physics\Collision\AABoxCast.h">
      <Filter>Physics\Collision</Filter>
    </ClInclude>
    <ClInclude Include="D:\TRY_Engine\dev\Try\Libraries\Jolt\Jolt\Physics\Collision\ActiveEdgeMode.h">
      <Filter>Physics\Collision</Filter>
    </ClInclude>
    <ClInclude Include="D:\TRY_Engine\dev\Try\Libraries\Jolt\Jolt\Physics\Collision\ActiveEdges.h">
      <Filter>Physics\Collision</Filter>
    </ClInclude>
    <ClInclude Include="D:\TRY_Engine\dev\Try\Libraries\Jolt\Jolt\Physics\Collision\BackFaceMode.h">
      <Filter>Physics\Collision</Filter>
    </ClInclude>
    <ClInclude Include="D:\TRY_Engine\dev\Try\Libraries\Jolt\Jolt\Physics\Collision\BroadPhase\BroadPhase.h">
      <Filter>Physics\Collision\BroadPhase</Filter>
    </ClInclude>
    <ClInclude Include="D:\TRY_Engine\dev\Try\Libraries\Jolt\Jolt\Physics\Collision\BroadPhase\BroadPhaseBruteForce.h">
      <Filter>Physics\Collision\BroadPhase</Filter>
    </ClInclude>
    <ClInclude Include="D:\TRY_Engine\dev\Try\Libraries\Jolt\Jolt\Physics\Collision\BroadPhase\BroadPhaseLayer.h">
      <Filter>Physics\Collision\BroadPhase</Filter>
    </ClInclude>
    <ClInclude Include="D:\TRY_Engine\dev\Try\Libraries\Jolt\Jolt\Physics\Collision\BroadPhase\BroadPhaseLayerInterfaceMask.h">
      <Filter>Physics\Collision\BroadPhase</Filter>
    </ClInclude>
    <ClInclude Include="D:\TRY_Engine\dev\Try\Libraries\Jolt\Jolt\Physics\Collision\BroadPhase\BroadPhaseLayerInterfaceTable.h">
      <Filter>Physics\Collision\BroadPhase</Filter>
    </ClInclude>
    <ClInclude Include="D:\TRY_Engine\dev\Try\Libraries\Jolt\Jolt\Physics\Collision\BroadPhase\BroadPhaseQuadTree.h">
      <Filter>Physics\Collision\BroadPhase</Filter>
    </ClInclude>
    <ClInclude Include="D:\TRY_Engine\dev\Try\Libraries\Jolt\Jolt\Physics\Collision\BroadPhase\BroadPhaseQuery.h">
      <Filter>Physics\Collision\BroadPhase</Filter>
    </ClInclude>
    <ClInclude Include="D:\TRY_Engine\dev\Try\Libraries\Jolt\Jolt\Physics\Collision\BroadPhase\ObjectVsBroadPhaseLayerFilterMask.h">
      <Filter>Physics\Collision\BroadPhase</Filter>
    </ClInclude>
    <ClInclude Include="D:\TRY_Engine\dev\Try\Libraries\Jolt\Jolt\Physics\Collision\BroadPhase\ObjectVsBroadPhaseLayerFilterTable.h">
      <Filter>Physics\Collision\BroadPhase</Filter>
    </ClInclude>
    <ClInclude Include="D:\TRY_Engine\dev\Try\Libraries\Jolt\Jolt\Physics\Collision\BroadPhase\QuadTree.h">
      <Filter>Physics\Collision\BroadPhase</Filter>
    </ClInclude>
    <ClInclude Include="D:\TRY_Engine\dev\Try\Libraries\Jolt\Jolt\Physics\Collision\CastConvexVsTriangles.h">
      <Filter>Physics\Collision</Filter>
    </ClInclude>
    <ClInclude Include="D:\TRY_Engine\dev\Try\Libraries\Jolt\Jolt\Physics\Collision\CastSphereVsTriangles.h">
      <Filter>Physics\Collision</Filter>
    </ClInclude>
    <ClInclude Include="D:\TRY_Engine\dev\Try\Libraries\Jolt\Jolt\Physics\Collision\CastResult.h">
      <Filter>Physics\Collision</Filter>
    </ClInclude>
    <ClInclude Include="D:\TRY_Engine\dev\Try\Libraries\Jolt\Jolt\Physics\Collision\CollectFacesMode.h">
      <Filter>Physics\Collision</Filter>
    </ClInclude>
    <ClInclude Include="D:\TRY_Engine\dev\Try\Libraries\Jolt\Jolt\Physics\Collision\CollideConvexVsTriangles.h">
      <Filter>Physics\Collision</Filter>
    </ClInclude>
    <ClInclude Include="D:\TRY_Engine\dev\Try\Libraries\Jolt\Jolt\Physics\Collision\CollidePointResult.h">
      <Filter>Physics\Collision</Filter>
    </ClInclude>
    <ClInclude Include="D:\TRY_Engine\dev\Try\Libraries\Jolt\Jolt\Physics\Collision\CollideShape.h">
      <Filter>Physics\Collision</Filter>
    </ClInclude>
    <ClInclude Include="D:\TRY_Engine\dev\Try\Libraries\Jolt\Jolt\Physics\Collision\CollideSoftBodyVerticesVsTriangles.h">
      <Filter>Physics\Collision</Filter>
    </ClInclude>
    <ClInclude Include="D:\TRY_Engine\dev\Try\Libraries\Jolt\Jolt\Physics\Collision\CollideSphereVsTriangles.h">
      <Filter>Physics\Collision</Filter>
    </ClInclude>
    <ClInclude Include="D:\TRY_Engine\dev\Try\Libraries\Jolt\Jolt\Physics\Collision\CollisionCollector.h">
      <Filter>Physics\Collision</Filter>
    </ClInclude>
    <ClInclude Include="D:\TRY_Engine\dev\Try\Libraries\Jolt\Jolt\Physics\Collision\CollisionCollectorImpl.h">
      <Filter>Physics\Collision</Filter>
    </ClInclude>
    <ClInclude Include="D:\TRY_Engine\dev\Try\Libraries\Jolt\Jolt\Physics\Collision\CollisionDispatch.h">
      <Filter>Physics\Collision</Filter>
    </ClInclude>
    <ClInclude Include="D:\TRY_Engine\dev\Try\Libraries\Jolt\Jolt\Physics\Collision\CollisionGroup.h">
      <Filter>Physics\Collision</Filter>
    </ClInclude>
    <ClInclude Include="D:\TRY_Engine\dev\Try\Libraries\Jolt\Jolt\Physics\Collision\ContactListener.h">
      <Filter>Physics\Collision</Filter>
    </ClInclude>
    <ClInclude Include="D:\TRY_Engine\dev\Try\Libraries\Jolt\Jolt\Physics\Collision\EstimateCollisionResponse.h">
      <Filter>Physics\Collision</Filter>
    </ClInclude>
    <ClInclude Include="D:\TRY_Engine\dev\Try\Libraries\Jolt\Jolt\Physics\Collision\GroupFilter.h">
      <Filter>Physics\Collision</Filter>
    </ClInclude>
    <ClInclude Include="D:\TRY_Engine\dev\Try\Libraries\Jolt\Jolt\Physics\Collision\GroupFilterTable.h">
      <Filter>Physics\Collision</Filter>
    </ClInclude>
    <ClInclude Include="D:\TRY_Engine\dev\Try\Libraries\Jolt\Jolt\Physics\Collision\InternalEdgeRemovingCollector.h">
      <Filter>Physics\Collision</Filter>
    </ClInclude>
    <ClInclude Include="D:\TRY_Engine\dev\Try\Libraries\Jolt\Jolt\Physics\Collision\ManifoldBetweenTwoFaces.h">
      <Filter>Physics\Collision</Filter>
    </ClInclude>
    <ClInclude Include="D:\TRY_Engine\dev\Try\Libraries\Jolt\Jolt\Physics\Collision\NarrowPhaseQuery.h">
      <Filter>Physics\Collision</Filter>
    </ClInclude>
    <ClInclude Include="D:\TRY_Engine\dev\Try\Libraries\Jolt\Jolt\Physics\Collision\NarrowPhaseStats.h">
      <Filter>Physics\Collision</Filter>
    </ClInclude>
    <ClInclude Include="D:\TRY_Engine\dev\Try\Libraries\Jolt\Jolt\Physics\Collision\ObjectLayer.h">
      <Filter>Physics\Collision</Filter>
    </ClInclude>
    <ClInclude Include="D:\TRY_Engine\dev\Try\Libraries\Jolt\Jolt\Physics\Collision\ObjectLayerPairFilterMask.h">
      <Filter>Physics\Collision</Filter>
    </ClInclude>
    <ClInclude Include="D:\TRY_Engine\dev\Try\Libraries\Jolt\Jolt\Physics\Collision\ObjectLayerPairFilterTable.h">
      <Filter>Physics\Collision</Filter>
    </ClInclude>
    <ClInclude Include="D:\TRY_Engine\dev\Try\Libraries\Jolt\Jolt\Physics\Collision\PhysicsMaterial.h">
      <Filter>Physics\Collision</Filter>
    </ClInclude>
    <ClInclude Include="D:\TRY_Engine\dev\Try\Libraries\Jolt\Jolt\Physics\Collision\PhysicsMaterialSimple.h">
      <Filter>Physics\Collision</Filter>
    </ClInclude>
    <ClInclude Include="D:\TRY_Engine\dev\Try\Libraries\Jolt\Jolt\Physics\Collision\RayCast.h">
      <Filter>Physics\Collision</Filter>
    </ClInclude>
    <ClInclude Include="D:\TRY_Engine\dev\Try\Libraries\Jolt\Jolt\Physics\Collision\Shape\BoxShape.h">
      <Filter>Physics\Collision\Shape</Filter>
    </ClInclude>
    <ClInclude Include="D:\TRY_Engine\dev\Try\Libraries\Jolt\Jolt\Physics\Collision\Shape\CapsuleShape.h">
      <Filter>Physics\Collision\Shape</Filter>
    </ClInclude>
    <ClInclude Include="D:\TRY_Engine\dev\Try\Libraries\Jolt\Jolt\Physics\Collision\Shape\CompoundShape.h">
      <Filter>Physics\Collision\Shape</Filter>
    </ClInclude>
    <ClInclude Include="D:\TRY_Engine\dev\Try\Libraries\Jolt\Jolt\Physics\Collision\Shape\CompoundShapeVisitors.h">
      <Filter>Physics\Collision\Shape</Filter>
    </ClInclude>
    <ClInclude Include="D:\TRY_Engine\dev\Try\Libraries\Jolt\Jolt\Physics\Collision\Shape\ConvexHullShape.h">
      <Filter>Physics\Collision\Shape</Filter>
    </ClInclude>
    <ClInclude Include="D:\TRY_Engine\dev\Try\Libraries\Jolt\Jolt\Physics\Collision\Shape\ConvexShape.h">
      <Filter>Physics\Collision\Shape</Filter>
    </ClInclude>
    <ClInclude Include="D:\TRY_Engine\dev\Try\Libraries\Jolt\Jolt\Physics\Collision\Shape\CylinderShape.h">
      <Filter>Physics\Collision\Shape</Filter>
    </ClInclude>
    <ClInclude Include="D:\TRY_Engine\dev\Try\Libraries\Jolt\Jolt\Physics\Collision\Shape\DecoratedShape.h">
      <Filter>Physics\Collision\Shape</Filter>
    </ClInclude>
    <ClInclude Include="D:\TRY_Engine\dev\Try\Libraries\Jolt\Jolt\Physics\Collision\Shape\GetTrianglesContext.h">
      <Filter>Physics\Collision\Shape</Filter>
    </ClInclude>
    <ClInclude Include="D:\TRY_Engine\dev\Try\Libraries\Jolt\Jolt\Physics\Collision\Shape\HeightFieldShape.h">
      <Filter>Physics\Collision\Shape</Filter>
    </ClInclude>
    <ClInclude Include="D:\TRY_Engine\dev\Try\Libraries\Jolt\Jolt\Physics\Collision\Shape\MeshShape.h">
      <Filter>Physics\Collision\Shape</Filter>
    </ClInclude>
    <ClInclude Include="D:\TRY_Engine\dev\Try\Libraries\Jolt\Jolt\Physics\Collision\Shape\MutableCompoundShape.h">
      <Filter>Physics\Collision\Shape</Filter>
    </ClInclude>
    <ClInclude Include="D:\TRY_Engine\dev\Try\Libraries\Jolt\Jolt\Physics\Collision\Shape\OffsetCenterOfMassShape.h">
      <Filter>Physics\Collision\Shape</Filter>
    </ClInclude>
    <ClInclude Include="D:\TRY_Engine\dev\Try\Libraries\Jolt\Jolt\Physics\Collision\Shape\PolyhedronSubmergedVolumeCalculator.h">
      <Filter>Physics\Collision\Shape</Filter>
    </ClInclude>
    <ClInclude Include="D:\TRY_Engine\dev\Try\Libraries\Jolt\Jolt\Physics\Collision\Shape\RotatedTranslatedShape.h">
      <Filter>Physics\Collision\Shape</Filter>
    </ClInclude>
    <ClInclude Include="D:\TRY_Engine\dev\Try\Libraries\Jolt\Jolt\Physics\Collision\Shape\ScaledShape.h">
      <Filter>Physics\Collision\Shape</Filter>
    </ClInclude>
    <ClInclude Include="D:\TRY_Engine\dev\Try\Libraries\Jolt\Jolt\Physics\Collision\Shape\ScaleHelpers.h">
      <Filter>Physics\Collision\Shape</Filter>
    </ClInclude>
    <ClInclude Include="D:\TRY_Engine\dev\Try\Libraries\Jolt\Jolt\Physics\Collision\Shape\Shape.h">
      <Filter>Physics\Collision\Shape</Filter>
    </ClInclude>
    <ClInclude Include="D:\TRY_Engine\dev\Try\Libraries\Jolt\Jolt\Physics\Collision\Shape\SphereShape.h">
      <Filter>Physics\Collision\Shape</Filter>
    </ClInclude>
    <ClInclude Include="D:\TRY_Engine\dev\Try\Libraries\Jolt\Jolt\Physics\Collision\Shape\StaticCompoundShape.h">
      <Filter>Physics\Collision\Shape</Filter>
    </ClInclude>
    <ClInclude Include="D:\TRY_Engine\dev\Try\Libraries\Jolt\Jolt\Physics\Collision\Shape\SubShapeID.h">
      <Filter>Physics\Collision\Shape</Filter>
    </ClInclude>
    <ClInclude Include="D:\TRY_Engine\dev\Try\Libraries\Jolt\Jolt\Physics\Collision\Shape\SubShapeIDPair.h">
      <Filter>Physics\Collision\Shape</Filter>
    </ClInclude>
    <ClInclude Include="D:\TRY_Engine\dev\Try\Libraries\Jolt\Jolt\Physics\Collision\Shape\TaperedCapsuleShape.h">
      <Filter>Physics\Collision\Shape</Filter>
    </ClInclude>
    <ClInclude Include="D:\TRY_Engine\dev\Try\Libraries\Jolt\Jolt\Physics\Collision\Shape\TriangleShape.h">
      <Filter>Physics\Collision\Shape</Filter>
    </ClInclude>
    <ClInclude Include="D:\TRY_Engine\dev\Try\Libraries\Jolt\Jolt\Physics\Collision\ShapeCast.h">
      <Filter>Physics\Collision</Filter>
    </ClInclude>
    <ClInclude Include="D:\TRY_Engine\dev\Try\Libraries\Jolt\Jolt\Physics\Collision\ShapeFilter.h">
      <Filter>Physics\Collision</Filter>
    </ClInclude>
    <ClInclude Include="D:\TRY_Engine\dev\Try\Libraries\Jolt\Jolt\Physics\Collision\SortReverseAndStore.h">
      <Filter>Physics\Collision</Filter>
    </ClInclude>
    <ClInclude Include="D:\TRY_Engine\dev\Try\Libraries\Jolt\Jolt\Physics\Collision\TransformedShape.h">
      <Filter>Physics\Collision</Filter>
    </ClInclude>
    <ClInclude Include="D:\TRY_Engine\dev\Try\Libraries\Jolt\Jolt\Physics\Constraints\CalculateSolverSteps.h">
      <Filter>Physics\Constraints</Filter>
    </ClInclude>
    <ClInclude Include="D:\TRY_Engine\dev\Try\Libraries\Jolt\Jolt\Physics\Constraints\ConeConstraint.h">
      <Filter>Physics\Constraints</Filter>
    </ClInclude>
    <ClInclude Include="D:\TRY_Engine\dev\Try\Libraries\Jolt\Jolt\Physics\Constraints\Constraint.h">
      <Filter>Physics\Constraints</Filter>
    </ClInclude>
    <ClInclude Include="D:\TRY_Engine\dev\Try\Libraries\Jolt\Jolt\Physics\Constraints\ConstraintManager.h">
      <Filter>Physics\Constraints</Filter>
    </ClInclude>
    <ClInclude Include="D:\TRY_Engine\dev\Try\Libraries\Jolt\Jolt\Physics\Constraints\ConstraintPart\AngleConstraintPart.h">
      <Filter>Physics\Constraints\ConstraintPart</Filter>
    </ClInclude>
    <ClInclude Include="D:\TRY_Engine\dev\Try\Libraries\Jolt\Jolt\Physics\Constraints\ConstraintPart\AxisConstraintPart.h">
      <Filter>Physics\Constraints\ConstraintPart</Filter>
    </ClInclude>
    <ClInclude Include="D:\TRY_Engine\dev\Try\Libraries\Jolt\Jolt\Physics\Constraints\ConstraintPart\DualAxisConstraintPart.h">
      <Filter>Physics\Constraints\ConstraintPart</Filter>
    </ClInclude>
    <ClInclude Include="D:\TRY_Engine\dev\Try\Libraries\Jolt\Jolt\Physics\Constraints\ConstraintPart\GearConstraintPart.h">
      <Filter>Physics\Constraints\ConstraintPart</Filter>
    </ClInclude>
    <ClInclude Include="D:\TRY_Engine\dev\Try\Libraries\Jolt\Jolt\Physics\Constraints\ConstraintPart\HingeRotationConstraintPart.h">
      <Filter>Physics\Constraints\ConstraintPart</Filter>
    </ClInclude>
    <ClInclude Include="D:\TRY_Engine\dev\Try\Libraries\Jolt\Jolt\Physics\Constraints\ConstraintPart\IndependentAxisConstraintPart.h">
      <Filter>Physics\Constraints\ConstraintPart</Filter>
    </ClInclude>
    <ClInclude Include="D:\TRY_Engine\dev\Try\Libraries\Jolt\Jolt\Physics\Constraints\ConstraintPart\PointConstraintPart.h">
      <Filter>Physics\Constraints\ConstraintPart</Filter>
    </ClInclude>
    <ClInclude Include="D:\TRY_Engine\dev\Try\Libraries\Jolt\Jolt\Physics\Constraints\ConstraintPart\RackAndPinionConstraintPart.h">
      <Filter>Physics\Constraints\ConstraintPart</Filter>
    </ClInclude>
    <ClInclude Include="D:\TRY_Engine\dev\Try\Libraries\Jolt\Jolt\Physics\Constraints\ConstraintPart\RotationEulerConstraintPart.h">
      <Filter>Physics\Constraints\ConstraintPart</Filter>
    </ClInclude>
    <ClInclude Include="D:\TRY_Engine\dev\Try\Libraries\Jolt\Jolt\Physics\Constraints\ConstraintPart\RotationQuatConstraintPart.h">
      <Filter>Physics\Constraints\ConstraintPart</Filter>
    </ClInclude>
    <ClInclude Include="D:\TRY_Engine\dev\Try\Libraries\Jolt\Jolt\Physics\Constraints\ConstraintPart\SpringPart.h">
      <Filter>Physics\Constraints\ConstraintPart</Filter>
    </ClInclude>
    <ClInclude Include="D:\TRY_Engine\dev\Try\Libraries\Jolt\Jolt\Physics\Constraints\ConstraintPart\SwingTwistConstraintPart.h">
      <Filter>Physics\Constraints\ConstraintPart</Filter>
    </ClInclude>
    <ClInclude Include="D:\TRY_Engine\dev\Try\Libraries\Jolt\Jolt\Physics\Constraints\ContactConstraintManager.h">
      <Filter>Physics\Constraints</Filter>
    </ClInclude>
    <ClInclude Include="D:\TRY_Engine\dev\Try\Libraries\Jolt\Jolt\Physics\Constraints\DistanceConstraint.h">
      <Filter>Physics\Constraints</Filter>
    </ClInclude>
    <ClInclude Include="D:\TRY_Engine\dev\Try\Libraries\Jolt\Jolt\Physics\Constraints\FixedConstraint.h">
      <Filter>Physics\Constraints</Filter>
    </ClInclude>
    <ClInclude Include="D:\TRY_Engine\dev\Try\Libraries\Jolt\Jolt\Physics\Constraints\GearConstraint.h">
      <Filter>Physics\Constraints</Filter>
    </ClInclude>
    <ClInclude Include="D:\TRY_Engine\dev\Try\Libraries\Jolt\Jolt\Physics\Constraints\HingeConstraint.h">
      <Filter>Physics\Constraints</Filter>
    </ClInclude>
    <ClInclude Include="D:\TRY_Engine\dev\Try\Libraries\Jolt\Jolt\Physics\Constraints\MotorSettings.h">
      <Filter>Physics\Constraints</Filter>
    </ClInclude>
    <ClInclude Include="D:\TRY_Engine\dev\Try\Libraries\Jolt\Jolt\Physics\Constraints\PathConstraint.h">
      <Filter>Physics\Constraints</Filter>
    </ClInclude>
    <ClInclude Include="D:\TRY_Engine\dev\Try\Libraries\Jolt\Jolt\Physics\Constraints\PathConstraintPath.h">
      <Filter>Physics\Constraints</Filter>
    </ClInclude>
    <ClInclude Include="D:\TRY_Engine\dev\Try\Libraries\Jolt\Jolt\Physics\Constraints\PathConstraintPathHermite.h">
      <Filter>Physics\Constraints</Filter>
    </ClInclude>
    <ClInclude Include="D:\TRY_Engine\dev\Try\Libraries\Jolt\Jolt\Physics\Constraints\PointConstraint.h">
      <Filter>Physics\Constraints</Filter>
    </ClInclude>
    <ClInclude Include="D:\TRY_Engine\dev\Try\Libraries\Jolt\Jolt\Physics\Constraints\PulleyConstraint.h">
      <Filter>Physics\Constraints</Filter>
    </ClInclude>
    <ClInclude Include="D:\TRY_Engine\dev\Try\Libraries\Jolt\Jolt\Physics\Constraints\RackAndPinionConstraint.h">
      <Filter>Physics\Constraints</Filter>
    </ClInclude>
    <ClInclude Include="D:\TRY_Engine\dev\Try\Libraries\Jolt\Jolt\Physics\Constraints\SixDOFConstraint.h">
      <Filter>Physics\Constraints</Filter>
    </ClInclude>
    <ClInclude Include="D:\TRY_Engine\dev\Try\Libraries\Jolt\Jolt\Physics\Constraints\SliderConstraint.h">
      <Filter>Physics\Constraints</Filter>
    </ClInclude>
    <ClInclude Include="D:\TRY_Engine\dev\Try\Libraries\Jolt\Jolt\Physics\Constraints\SpringSettings.h">
      <Filter>Physics\Constraints</Filter>
    </ClInclude>
    <ClInclude Include="D:\TRY_Engine\dev\Try\Libraries\Jolt\Jolt\Physics\Constraints\SwingTwistConstraint.h">
      <Filter>Physics\Constraints</Filter>
    </ClInclude>
    <ClInclude Include="D:\TRY_Engine\dev\Try\Libraries\Jolt\Jolt\Physics\Constraints\TwoBodyConstraint.h">
      <Filter>Physics\Constraints</Filter>
    </ClInclude>
    <ClInclude Include="D:\TRY_Engine\dev\Try\Libraries\Jolt\Jolt\Physics\DeterminismLog.h">
      <Filter>Physics</Filter>
    </ClInclude>
    <ClInclude Include="D:\TRY_Engine\dev\Try\Libraries\Jolt\Jolt\Physics\EActivation.h">
      <Filter>Physics</Filter>
    </ClInclude>
    <ClInclude Include="D:\TRY_Engine\dev\Try\Libraries\Jolt\Jolt\Physics\EPhysicsUpdateError.h">
      <Filter>Physics</Filter>
    </ClInclude>
    <ClInclude Include="D:\TRY_Engine\dev\Try\Libraries\Jolt\Jolt\Physics\IslandBuilder.h">
      <Filter>Physics</Filter>
    </ClInclude>
    <ClInclude Include="D:\TRY_Engine\dev\Try\Libraries\Jolt\Jolt\Physics\LargeIslandSplitter.h">
      <Filter>Physics</Filter>
    </ClInclude>
    <ClInclude Include="D:\TRY_Engine\dev\Try\Libraries\Jolt\Jolt\Physics\PhysicsLock.h">
      <Filter>Physics</Filter>
    </ClInclude>
    <ClInclude Include="D:\TRY_Engine\dev\Try\Libraries\Jolt\Jolt\Physics\PhysicsScene.h">
      <Filter>Physics</Filter>
    </ClInclude>
    <ClInclude Include="D:\TRY_Engine\dev\Try\Libraries\Jolt\Jolt\Physics\PhysicsSettings.h">
      <Filter>Physics</Filter>
    </ClInclude>
    <ClInclude Include="D:\TRY_Engine\dev\Try\Libraries\Jolt\Jolt\Physics\PhysicsStepListener.h">
      <Filter>Physics</Filter>
    </ClInclude>
    <ClInclude Include="D:\TRY_Engine\dev\Try\Libraries\Jolt\Jolt\Physics\PhysicsSystem.h">
      <Filter>Physics</Filter>
    </ClInclude>
    <ClInclude Include="D:\TRY_Engine\dev\Try\Libraries\Jolt\Jolt\Physics\PhysicsUpdateContext.h">
      <Filter>Physics</Filter>
    </ClInclude>
    <ClInclude Include="D:\TRY_Engine\dev\Try\Libraries\Jolt\Jolt\Physics\Ragdoll\Ragdoll.h">
      <Filter>Physics\Ragdoll</Filter>
    </ClInclude>
    <ClInclude Include="D:\TRY_Engine\dev\Try\Libraries\Jolt\Jolt\Physics\SoftBody\SoftBodyContactListener.h">
      <Filter>Physics\SoftBody</Filter>
    </ClInclude>
    <ClInclude Include="D:\TRY_Engine\dev\Try\Libraries\Jolt\Jolt\Physics\SoftBody\SoftBodyCreationSettings.h">
      <Filter>Physics\SoftBody</Filter>
    </ClInclude>
    <ClInclude Include="D:\TRY_Engine\dev\Try\Libraries\Jolt\Jolt\Physics\SoftBody\SoftBodyManifold.h">
      <Filter>Physics\SoftBody</Filter>
    </ClInclude>
    <ClInclude Include="D:\TRY_Engine\dev\Try\Libraries\Jolt\Jolt\Physics\SoftBody\SoftBodyMotionProperties.h">
      <Filter>Physics\SoftBody</Filter>
    </ClInclude>
    <ClInclude Include="D:\TRY_Engine\dev\Try\Libraries\Jolt\Jolt\Physics\SoftBody\SoftBodyShape.h">
      <Filter>Physics\SoftBody</Filter>
    </ClInclude>
    <ClInclude Include="D:\TRY_Engine\dev\Try\Libraries\Jolt\Jolt\Physics\SoftBody\SoftBodySharedSettings.h">
      <Filter>Physics\SoftBody</Filter>
    </ClInclude>
    <ClInclude Include="D:\TRY_Engine\dev\Try\Libraries\Jolt\Jolt\Physics\SoftBody\SoftBodyVertex.h">
      <Filter>Physics\SoftBody</Filter>
    </ClInclude>
    <ClInclude Include="D:\TRY_Engine\dev\Try\Libraries\Jolt\Jolt\Physics\StateRecorder.h">
      <Filter>Physics</Filter>
    </ClInclude>
    <ClInclude Include="D:\TRY_Engine\dev\Try\Libraries\Jolt\Jolt\Physics\StateRecorderImpl.h">
      <Filter>Physics</Filter>
    </ClInclude>
    <ClInclude Include="D:\TRY_Engine\dev\Try\Libraries\Jolt\Jolt\Physics\Vehicle\MotorcycleController.h">
      <Filter>Physics\Vehicle</Filter>
    </ClInclude>
    <ClInclude Include="D:\TRY_Engine\dev\Try\Libraries\Jolt\Jolt\Physics\Vehicle\TrackedVehicleController.h">
      <Filter>Physics\Vehicle</Filter>
    </ClInclude>
    <ClInclude Include="D:\TRY_Engine\dev\Try\Libraries\Jolt\Jolt\Physics\Vehicle\VehicleAntiRollBar.h">
      <Filter>Physics\Vehicle</Filter>
    </ClInclude>
    <ClInclude Include="D:\TRY_Engine\dev\Try\Libraries\Jolt\Jolt\Physics\Vehicle\VehicleCollisionTester.h">
      <Filter>Physics\Vehicle</Filter>
    </ClInclude>
    <ClInclude Include="D:\TRY_Engine\dev\Try\Libraries\Jolt\Jolt\Physics\Vehicle\VehicleConstraint.h">
      <Filter>Physics\Vehicle</Filter>
    </ClInclude>
    <ClInclude Include="D:\TRY_Engine\dev\Try\Libraries\Jolt\Jolt\Physics\Vehicle\VehicleController.h">
      <Filter>Physics\Vehicle</Filter>
    </ClInclude>
    <ClInclude Include="D:\TRY_Engine\dev\Try\Libraries\Jolt\Jolt\Physics\Vehicle\VehicleDifferential.h">
      <Filter>Physics\Vehicle</Filter>
    </ClInclude>
    <ClInclude Include="D:\TRY_Engine\dev\Try\Libraries\Jolt\Jolt\Physics\Vehicle\VehicleEngine.h">
      <Filter>Physics\Vehicle</Filter>
    </ClInclude>
    <ClInclude Include="D:\TRY_Engine\dev\Try\Libraries\Jolt\Jolt\Physics\Vehicle\VehicleTrack.h">
      <Filter>Physics\Vehicle</Filter>
    </ClInclude>
    <ClInclude Include="D:\TRY_Engine\dev\Try\Libraries\Jolt\Jolt\Physics\Vehicle\VehicleTransmission.h">
      <Filter>Physics\Vehicle</Filter>
    </ClInclude>
    <ClInclude Include="D:\TRY_Engine\dev\Try\Libraries\Jolt\Jolt\Physics\Vehicle\Wheel.h">
      <Filter>Physics\Vehicle</Filter>
    </ClInclude>
    <ClInclude Include="D:\TRY_Engine\dev\Try\Libraries\Jolt\Jolt\Physics\Vehicle\WheeledVehicleController.h">
      <Filter>Physics\Vehicle</Filter>
    </ClInclude>
    <ClInclude Include="D:\TRY_Engine\dev\Try\Libraries\Jolt\Jolt\RegisterTypes.h" />
    <ClInclude Include="D:\TRY_Engine\dev\Try\Libraries\Jolt\Jolt\Renderer\DebugRenderer.h">
      <Filter>Renderer</Filter>
    </ClInclude>
    <ClInclude Include="D:\TRY_Engine\dev\Try\Libraries\Jolt\Jolt\Renderer\DebugRendererPlayback.h">
      <Filter>Renderer</Filter>
    </ClInclude>
    <ClInclude Include="D:\TRY_Engine\dev\Try\Libraries\Jolt\Jolt\Renderer\DebugRendererRecorder.h">
      <Filter>Renderer</Filter>
    </ClInclude>
    <ClInclude Include="D:\TRY_Engine\dev\Try\Libraries\Jolt\Jolt\Skeleton\SkeletalAnimation.h">
      <Filter>Skeleton</Filter>
    </ClInclude>
    <ClInclude Include="D:\TRY_Engine\dev\Try\Libraries\Jolt\Jolt\Skeleton\Skeleton.h">
      <Filter>Skeleton</Filter>
    </ClInclude>
    <ClInclude Include="D:\TRY_Engine\dev\Try\Libraries\Jolt\Jolt\Skeleton\SkeletonMapper.h">
      <Filter>Skeleton</Filter>
    </ClInclude>
    <ClInclude Include="D:\TRY_Engine\dev\Try\Libraries\Jolt\Jolt\Skeleton\SkeletonPose.h">
      <Filter>Skeleton</Filter>
    </ClInclude>
    <ClInclude Include="D:\TRY_Engine\dev\Try\Libraries\Jolt\Jolt\TriangleGrouper\TriangleGrouper.h">
      <Filter>TriangleGrouper</Filter>
    </ClInclude>
    <ClInclude Include="D:\TRY_Engine\dev\Try\Libraries\Jolt\Jolt\TriangleGrouper\TriangleGrouperClosestCentroid.h">
      <Filter>TriangleGrouper</Filter>
    </ClInclude>
    <ClInclude Include="D:\TRY_Engine\dev\Try\Libraries\Jolt\Jolt\TriangleGrouper\TriangleGrouperMorton.h">
      <Filter>TriangleGrouper</Filter>
    </ClInclude>
    <ClInclude Include="D:\TRY_Engine\dev\Try\Libraries\Jolt\Jolt\TriangleSplitter\TriangleSplitter.h">
      <Filter>TriangleSplitter</Filter>
    </ClInclude>
    <ClInclude Include="D:\TRY_Engine\dev\Try\Libraries\Jolt\Jolt\TriangleSplitter\TriangleSplitterBinning.h">
      <Filter>TriangleSplitter</Filter>
    </ClInclude>
    <ClInclude Include="D:\TRY_Engine\dev\Try\Libraries\Jolt\Jolt\TriangleSplitter\TriangleSplitterFixedLeafSize.h">
      <Filter>TriangleSplitter</Filter>
    </ClInclude>
    <ClInclude Include="D:\TRY_Engine\dev\Try\Libraries\Jolt\Jolt\TriangleSplitter\TriangleSplitterLongestAxis.h">
      <Filter>TriangleSplitter</Filter>
    </ClInclude>
    <ClInclude Include="D:\TRY_Engine\dev\Try\Libraries\Jolt\Jolt\TriangleSplitter\TriangleSplitterMean.h">
      <Filter>TriangleSplitter</Filter>
    </ClInclude>
    <ClInclude Include="D:\TRY_Engine\dev\Try\Libraries\Jolt\Jolt\TriangleSplitter\TriangleSplitterMorton.h">
      <Filter>TriangleSplitter</Filter>
    </ClInclude>
    <ClInclude Include="D:\TRY_Engine\dev\Try\Libraries\Jolt\CMakeFiles\Jolt.dir\Debug\cmake_pch.hxx">
      <Filter>Precompile Header File</Filter>
    </ClInclude>
    <ClInclude Include="D:\TRY_Engine\dev\Try\Libraries\Jolt\CMakeFiles\Jolt.dir\Release\cmake_pch.hxx">
      <Filter>Precompile Header File</Filter>
    </ClInclude>
    <ClInclude Include="D:\TRY_Engine\dev\Try\Libraries\Jolt\CMakeFiles\Jolt.dir\Distribution\cmake_pch.hxx">
      <Filter>Precompile Header File</Filter>
    </ClInclude>
  </ItemGroup>
  <ItemGroup>
    <CustomBuild Include="D:\TRY_Engine\dev\Try\Libraries\Jolt\Build\CMakeLists.txt" />
  </ItemGroup>
  <ItemGroup>
    <Natvis Include="D:\TRY_Engine\dev\Try\Libraries\Jolt\Jolt\Jolt.natvis" />
  </ItemGroup>
  <ItemGroup>
    <None Include="D:\TRY_Engine\dev\Try\Libraries\Jolt\Jolt\Jolt.cmake" />
    <None Include="D:\TRY_Engine\dev\Try\Libraries\Jolt\Jolt\Physics\Collision\Shape\TaperedCapsuleShape.gliffy">
      <Filter>Physics\Collision\Shape</Filter>
    </None>
  </ItemGroup>
  <ItemGroup>
    <Filter Include="AABBTree">
      <UniqueIdentifier>{B34EA032-C0CE-36C5-8C8A-EE4F0DE16218}</UniqueIdentifier>
    </Filter>
    <Filter Include="AABBTree\NodeCodec">
      <UniqueIdentifier>{60835119-2002-3F81-A4A1-7869F21C3C5B}</UniqueIdentifier>
    </Filter>
    <Filter Include="AABBTree\TriangleCodec">
      <UniqueIdentifier>{DA2A4C93-C014-336D-B458-89F6208B3DD9}</UniqueIdentifier>
    </Filter>
    <Filter Include="Core">
      <UniqueIdentifier>{EA88433F-D646-36E9-BC19-A60C098FD7C4}</UniqueIdentifier>
    </Filter>
    <Filter Include="Geometry">
      <UniqueIdentifier>{9F959C53-1300-3554-B108-130BE7B935DD}</UniqueIdentifier>
    </Filter>
    <Filter Include="Math">
      <UniqueIdentifier>{2A1E1EDF-8608-387D-BD36-C92A9234F5EE}</UniqueIdentifier>
    </Filter>
    <Filter Include="ObjectStream">
      <UniqueIdentifier>{087F9361-404D-3BBF-ADA7-68F04065A823}</UniqueIdentifier>
    </Filter>
    <Filter Include="Physics">
      <UniqueIdentifier>{D86A8D00-3FB7-3D07-8A79-35F1AA596E30}</UniqueIdentifier>
    </Filter>
    <Filter Include="Physics\Body">
      <UniqueIdentifier>{1393B8A5-97B9-348F-B8C3-8B1E9CFDDB73}</UniqueIdentifier>
    </Filter>
    <Filter Include="Physics\Character">
      <UniqueIdentifier>{6B9160BA-9615-330B-B4FD-788BDE55A199}</UniqueIdentifier>
    </Filter>
    <Filter Include="Physics\Collision">
      <UniqueIdentifier>{5F814AD7-0377-33C6-AD6A-4B85D0278A7F}</UniqueIdentifier>
    </Filter>
    <Filter Include="Physics\Collision\BroadPhase">
      <UniqueIdentifier>{83882BB8-0F70-3802-BBBE-931F020EF3F0}</UniqueIdentifier>
    </Filter>
    <Filter Include="Physics\Collision\Shape">
      <UniqueIdentifier>{93EC34B3-85EC-3BD2-A83E-B9AB5AD42DBD}</UniqueIdentifier>
    </Filter>
    <Filter Include="Physics\Constraints">
      <UniqueIdentifier>{560358E2-D6EC-33A3-80C9-121441D9D3D7}</UniqueIdentifier>
    </Filter>
    <Filter Include="Physics\Constraints\ConstraintPart">
      <UniqueIdentifier>{62050478-DF6D-3002-ABC1-79515CA74B20}</UniqueIdentifier>
    </Filter>
    <Filter Include="Physics\Ragdoll">
      <UniqueIdentifier>{35FA054E-E229-3E30-94F3-F1994C1A8EBF}</UniqueIdentifier>
    </Filter>
    <Filter Include="Physics\SoftBody">
      <UniqueIdentifier>{4891E446-CFEF-3102-9B04-58C1DC14DAC1}</UniqueIdentifier>
    </Filter>
    <Filter Include="Physics\Vehicle">
      <UniqueIdentifier>{04279D48-AA4C-31BA-8AFA-952CB785052A}</UniqueIdentifier>
    </Filter>
    <Filter Include="Precompile Header File">
      <UniqueIdentifier>{C60B8D32-A9D6-3900-924C-151681C68C1B}</UniqueIdentifier>
    </Filter>
    <Filter Include="Renderer">
      <UniqueIdentifier>{E98345D8-3F35-3B06-9337-537DBE61EC18}</UniqueIdentifier>
    </Filter>
    <Filter Include="Skeleton">
      <UniqueIdentifier>{9F659711-515F-388D-BF18-BEE8D2E98F16}</UniqueIdentifier>
    </Filter>
    <Filter Include="Source Files">
      <UniqueIdentifier>{6A1E3CAC-CFE5-3243-8F0B-E8125913780A}</UniqueIdentifier>
    </Filter>
    <Filter Include="TriangleGrouper">
      <UniqueIdentifier>{DEA0D463-8FCD-3094-B894-F8273B310EC4}</UniqueIdentifier>
    </Filter>
    <Filter Include="TriangleSplitter">
      <UniqueIdentifier>{1A68F6F1-A74B-322E-9853-31A1FF8A66BB}</UniqueIdentifier>
    </Filter>
  </ItemGroup>
</Project>
