<?xml version="1.0" encoding="utf-8"?>
<Project ToolsVersion="17.0" xmlns="http://schemas.microsoft.com/developer/msbuild/2003">
  <ItemGroup>
    <ClCompile Include="D:\TRY_Engine\dev\Try\Libraries\Jolt\CMakeFiles\TestFramework.dir\cmake_pch.cxx">
      <Filter>Source Files</Filter>
    </ClCompile>
    <ClCompile Include="D:\TRY_Engine\dev\Try\Libraries\Jolt\TestFramework\Application\Application.cpp">
      <Filter>Application</Filter>
    </ClCompile>
    <ClCompile Include="D:\TRY_Engine\dev\Try\Libraries\Jolt\TestFramework\Application\DebugUI.cpp">
      <Filter>Application</Filter>
    </ClCompile>
    <ClCompile Include="D:\TRY_Engine\dev\Try\Libraries\Jolt\TestFramework\Image\BlitSurface.cpp">
      <Filter>Image</Filter>
    </ClCompile>
    <ClCompile Include="D:\TRY_Engine\dev\Try\Libraries\Jolt\TestFramework\Image\LoadBMP.cpp">
      <Filter>Image</Filter>
    </ClCompile>
    <ClCompile Include="D:\TRY_Engine\dev\Try\Libraries\Jolt\TestFramework\Image\LoadTGA.cpp">
      <Filter>Image</Filter>
    </ClCompile>
    <ClCompile Include="D:\TRY_Engine\dev\Try\Libraries\Jolt\TestFramework\Image\Surface.cpp">
      <Filter>Image</Filter>
    </ClCompile>
    <ClCompile Include="D:\TRY_Engine\dev\Try\Libraries\Jolt\TestFramework\Image\ZoomImage.cpp">
      <Filter>Image</Filter>
    </ClCompile>
    <ClCompile Include="D:\TRY_Engine\dev\Try\Libraries\Jolt\TestFramework\Input\Keyboard.cpp">
      <Filter>Input</Filter>
    </ClCompile>
    <ClCompile Include="D:\TRY_Engine\dev\Try\Libraries\Jolt\TestFramework\Input\Mouse.cpp">
      <Filter>Input</Filter>
    </ClCompile>
    <ClCompile Include="D:\TRY_Engine\dev\Try\Libraries\Jolt\TestFramework\Math\Perlin.cpp">
      <Filter>Math</Filter>
    </ClCompile>
    <ClCompile Include="D:\TRY_Engine\dev\Try\Libraries\Jolt\TestFramework\Renderer\ConstantBuffer.cpp">
      <Filter>Renderer</Filter>
    </ClCompile>
    <ClCompile Include="D:\TRY_Engine\dev\Try\Libraries\Jolt\TestFramework\Renderer\FatalErrorIfFailed.cpp">
      <Filter>Renderer</Filter>
    </ClCompile>
    <ClCompile Include="D:\TRY_Engine\dev\Try\Libraries\Jolt\TestFramework\Renderer\Font.cpp">
      <Filter>Renderer</Filter>
    </ClCompile>
    <ClCompile Include="D:\TRY_Engine\dev\Try\Libraries\Jolt\TestFramework\Renderer\PipelineState.cpp">
      <Filter>Renderer</Filter>
    </ClCompile>
    <ClCompile Include="D:\TRY_Engine\dev\Try\Libraries\Jolt\TestFramework\Renderer\Renderer.cpp">
      <Filter>Renderer</Filter>
    </ClCompile>
    <ClCompile Include="D:\TRY_Engine\dev\Try\Libraries\Jolt\TestFramework\Renderer\RenderInstances.cpp">
      <Filter>Renderer</Filter>
    </ClCompile>
    <ClCompile Include="D:\TRY_Engine\dev\Try\Libraries\Jolt\TestFramework\Renderer\RenderPrimitive.cpp">
      <Filter>Renderer</Filter>
    </ClCompile>
    <ClCompile Include="D:\TRY_Engine\dev\Try\Libraries\Jolt\TestFramework\Renderer\Texture.cpp">
      <Filter>Renderer</Filter>
    </ClCompile>
    <ClCompile Include="D:\TRY_Engine\dev\Try\Libraries\Jolt\TestFramework\Renderer\DebugRendererImp.cpp">
      <Filter>Renderer</Filter>
    </ClCompile>
    <ClCompile Include="D:\TRY_Engine\dev\Try\Libraries\Jolt\TestFramework\UI\UIAnimation.cpp">
      <Filter>UI</Filter>
    </ClCompile>
    <ClCompile Include="D:\TRY_Engine\dev\Try\Libraries\Jolt\TestFramework\UI\UIAnimationSlide.cpp">
      <Filter>UI</Filter>
    </ClCompile>
    <ClCompile Include="D:\TRY_Engine\dev\Try\Libraries\Jolt\TestFramework\UI\UIButton.cpp">
      <Filter>UI</Filter>
    </ClCompile>
    <ClCompile Include="D:\TRY_Engine\dev\Try\Libraries\Jolt\TestFramework\UI\UICheckBox.cpp">
      <Filter>UI</Filter>
    </ClCompile>
    <ClCompile Include="D:\TRY_Engine\dev\Try\Libraries\Jolt\TestFramework\UI\UIComboBox.cpp">
      <Filter>UI</Filter>
    </ClCompile>
    <ClCompile Include="D:\TRY_Engine\dev\Try\Libraries\Jolt\TestFramework\UI\UIElement.cpp">
      <Filter>UI</Filter>
    </ClCompile>
    <ClCompile Include="D:\TRY_Engine\dev\Try\Libraries\Jolt\TestFramework\UI\UIHorizontalStack.cpp">
      <Filter>UI</Filter>
    </ClCompile>
    <ClCompile Include="D:\TRY_Engine\dev\Try\Libraries\Jolt\TestFramework\UI\UIImage.cpp">
      <Filter>UI</Filter>
    </ClCompile>
    <ClCompile Include="D:\TRY_Engine\dev\Try\Libraries\Jolt\TestFramework\UI\UIManager.cpp">
      <Filter>UI</Filter>
    </ClCompile>
    <ClCompile Include="D:\TRY_Engine\dev\Try\Libraries\Jolt\TestFramework\UI\UISlider.cpp">
      <Filter>UI</Filter>
    </ClCompile>
    <ClCompile Include="D:\TRY_Engine\dev\Try\Libraries\Jolt\TestFramework\UI\UIStaticText.cpp">
      <Filter>UI</Filter>
    </ClCompile>
    <ClCompile Include="D:\TRY_Engine\dev\Try\Libraries\Jolt\TestFramework\UI\UITextButton.cpp">
      <Filter>UI</Filter>
    </ClCompile>
    <ClCompile Include="D:\TRY_Engine\dev\Try\Libraries\Jolt\TestFramework\UI\UIVerticalStack.cpp">
      <Filter>UI</Filter>
    </ClCompile>
    <ClCompile Include="D:\TRY_Engine\dev\Try\Libraries\Jolt\TestFramework\Utils\CustomMemoryHook.cpp">
      <Filter>Utils</Filter>
    </ClCompile>
    <ClCompile Include="D:\TRY_Engine\dev\Try\Libraries\Jolt\TestFramework\Utils\Log.cpp">
      <Filter>Utils</Filter>
    </ClCompile>
    <ClCompile Include="D:\TRY_Engine\dev\Try\Libraries\Jolt\TestFramework\Utils\ReadData.cpp">
      <Filter>Utils</Filter>
    </ClCompile>
  </ItemGroup>
  <ItemGroup>
    <ClInclude Include="D:\TRY_Engine\dev\Try\Libraries\Jolt\TestFramework\Application\Application.h">
      <Filter>Application</Filter>
    </ClInclude>
    <ClInclude Include="D:\TRY_Engine\dev\Try\Libraries\Jolt\TestFramework\Application\DebugUI.h">
      <Filter>Application</Filter>
    </ClInclude>
    <ClInclude Include="D:\TRY_Engine\dev\Try\Libraries\Jolt\TestFramework\Application\EntryPoint.h">
      <Filter>Application</Filter>
    </ClInclude>
    <ClInclude Include="D:\TRY_Engine\dev\Try\Libraries\Jolt\TestFramework\Image\BlitSurface.h">
      <Filter>Image</Filter>
    </ClInclude>
    <ClInclude Include="D:\TRY_Engine\dev\Try\Libraries\Jolt\TestFramework\Image\LoadBMP.h">
      <Filter>Image</Filter>
    </ClInclude>
    <ClInclude Include="D:\TRY_Engine\dev\Try\Libraries\Jolt\TestFramework\Image\LoadTGA.h">
      <Filter>Image</Filter>
    </ClInclude>
    <ClInclude Include="D:\TRY_Engine\dev\Try\Libraries\Jolt\TestFramework\Image\Surface.h">
      <Filter>Image</Filter>
    </ClInclude>
    <ClInclude Include="D:\TRY_Engine\dev\Try\Libraries\Jolt\TestFramework\Image\ZoomImage.h">
      <Filter>Image</Filter>
    </ClInclude>
    <ClInclude Include="D:\TRY_Engine\dev\Try\Libraries\Jolt\TestFramework\Input\Keyboard.h">
      <Filter>Input</Filter>
    </ClInclude>
    <ClInclude Include="D:\TRY_Engine\dev\Try\Libraries\Jolt\TestFramework\Input\Mouse.h">
      <Filter>Input</Filter>
    </ClInclude>
    <ClInclude Include="D:\TRY_Engine\dev\Try\Libraries\Jolt\TestFramework\Math\Perlin.h">
      <Filter>Math</Filter>
    </ClInclude>
    <ClInclude Include="D:\TRY_Engine\dev\Try\Libraries\Jolt\TestFramework\Renderer\ConstantBuffer.h">
      <Filter>Renderer</Filter>
    </ClInclude>
    <ClInclude Include="D:\TRY_Engine\dev\Try\Libraries\Jolt\TestFramework\Renderer\CommandQueue.h">
      <Filter>Renderer</Filter>
    </ClInclude>
    <ClInclude Include="D:\TRY_Engine\dev\Try\Libraries\Jolt\TestFramework\Renderer\DescriptorHeap.h">
      <Filter>Renderer</Filter>
    </ClInclude>
    <ClInclude Include="D:\TRY_Engine\dev\Try\Libraries\Jolt\TestFramework\Renderer\FatalErrorIfFailed.h">
      <Filter>Renderer</Filter>
    </ClInclude>
    <ClInclude Include="D:\TRY_Engine\dev\Try\Libraries\Jolt\TestFramework\Renderer\Font.h">
      <Filter>Renderer</Filter>
    </ClInclude>
    <ClInclude Include="D:\TRY_Engine\dev\Try\Libraries\Jolt\TestFramework\Renderer\Frustum.h">
      <Filter>Renderer</Filter>
    </ClInclude>
    <ClInclude Include="D:\TRY_Engine\dev\Try\Libraries\Jolt\TestFramework\Renderer\PipelineState.h">
      <Filter>Renderer</Filter>
    </ClInclude>
    <ClInclude Include="D:\TRY_Engine\dev\Try\Libraries\Jolt\TestFramework\Renderer\Renderer.h">
      <Filter>Renderer</Filter>
    </ClInclude>
    <ClInclude Include="D:\TRY_Engine\dev\Try\Libraries\Jolt\TestFramework\Renderer\RenderInstances.h">
      <Filter>Renderer</Filter>
    </ClInclude>
    <ClInclude Include="D:\TRY_Engine\dev\Try\Libraries\Jolt\TestFramework\Renderer\RenderPrimitive.h">
      <Filter>Renderer</Filter>
    </ClInclude>
    <ClInclude Include="D:\TRY_Engine\dev\Try\Libraries\Jolt\TestFramework\Renderer\Texture.h">
      <Filter>Renderer</Filter>
    </ClInclude>
    <ClInclude Include="D:\TRY_Engine\dev\Try\Libraries\Jolt\TestFramework\Renderer\DebugRendererImp.h">
      <Filter>Renderer</Filter>
    </ClInclude>
    <ClInclude Include="D:\TRY_Engine\dev\Try\Libraries\Jolt\TestFramework\TestFramework.h" />
    <ClInclude Include="D:\TRY_Engine\dev\Try\Libraries\Jolt\TestFramework\UI\UIAnimation.h">
      <Filter>UI</Filter>
    </ClInclude>
    <ClInclude Include="D:\TRY_Engine\dev\Try\Libraries\Jolt\TestFramework\UI\UIAnimationSlide.h">
      <Filter>UI</Filter>
    </ClInclude>
    <ClInclude Include="D:\TRY_Engine\dev\Try\Libraries\Jolt\TestFramework\UI\UIButton.h">
      <Filter>UI</Filter>
    </ClInclude>
    <ClInclude Include="D:\TRY_Engine\dev\Try\Libraries\Jolt\TestFramework\UI\UICheckBox.h">
      <Filter>UI</Filter>
    </ClInclude>
    <ClInclude Include="D:\TRY_Engine\dev\Try\Libraries\Jolt\TestFramework\UI\UIComboBox.h">
      <Filter>UI</Filter>
    </ClInclude>
    <ClInclude Include="D:\TRY_Engine\dev\Try\Libraries\Jolt\TestFramework\UI\UIElement.h">
      <Filter>UI</Filter>
    </ClInclude>
    <ClInclude Include="D:\TRY_Engine\dev\Try\Libraries\Jolt\TestFramework\UI\UIEventListener.h">
      <Filter>UI</Filter>
    </ClInclude>
    <ClInclude Include="D:\TRY_Engine\dev\Try\Libraries\Jolt\TestFramework\UI\UIHorizontalStack.h">
      <Filter>UI</Filter>
    </ClInclude>
    <ClInclude Include="D:\TRY_Engine\dev\Try\Libraries\Jolt\TestFramework\UI\UIImage.h">
      <Filter>UI</Filter>
    </ClInclude>
    <ClInclude Include="D:\TRY_Engine\dev\Try\Libraries\Jolt\TestFramework\UI\UIManager.h">
      <Filter>UI</Filter>
    </ClInclude>
    <ClInclude Include="D:\TRY_Engine\dev\Try\Libraries\Jolt\TestFramework\UI\UISlider.h">
      <Filter>UI</Filter>
    </ClInclude>
    <ClInclude Include="D:\TRY_Engine\dev\Try\Libraries\Jolt\TestFramework\UI\UIStaticText.h">
      <Filter>UI</Filter>
    </ClInclude>
    <ClInclude Include="D:\TRY_Engine\dev\Try\Libraries\Jolt\TestFramework\UI\UITextButton.h">
      <Filter>UI</Filter>
    </ClInclude>
    <ClInclude Include="D:\TRY_Engine\dev\Try\Libraries\Jolt\TestFramework\UI\UITexturedQuad.h">
      <Filter>UI</Filter>
    </ClInclude>
    <ClInclude Include="D:\TRY_Engine\dev\Try\Libraries\Jolt\TestFramework\UI\UIVerticalStack.h">
      <Filter>UI</Filter>
    </ClInclude>
    <ClInclude Include="D:\TRY_Engine\dev\Try\Libraries\Jolt\TestFramework\Utils\CustomMemoryHook.h">
      <Filter>Utils</Filter>
    </ClInclude>
    <ClInclude Include="D:\TRY_Engine\dev\Try\Libraries\Jolt\TestFramework\Utils\Log.h">
      <Filter>Utils</Filter>
    </ClInclude>
    <ClInclude Include="D:\TRY_Engine\dev\Try\Libraries\Jolt\TestFramework\Utils\ReadData.h">
      <Filter>Utils</Filter>
    </ClInclude>
    <ClInclude Include="D:\TRY_Engine\dev\Try\Libraries\Jolt\Assets\Shaders\VertexConstants.h">
      <Filter>Assets\Shaders</Filter>
    </ClInclude>
    <ClInclude Include="D:\TRY_Engine\dev\Try\Libraries\Jolt\CMakeFiles\TestFramework.dir\Debug\cmake_pch.hxx">
      <Filter>Precompile Header File</Filter>
    </ClInclude>
    <ClInclude Include="D:\TRY_Engine\dev\Try\Libraries\Jolt\CMakeFiles\TestFramework.dir\Release\cmake_pch.hxx">
      <Filter>Precompile Header File</Filter>
    </ClInclude>
    <ClInclude Include="D:\TRY_Engine\dev\Try\Libraries\Jolt\CMakeFiles\TestFramework.dir\Distribution\cmake_pch.hxx">
      <Filter>Precompile Header File</Filter>
    </ClInclude>
  </ItemGroup>
  <ItemGroup>
    <CustomBuild Include="D:\TRY_Engine\dev\Try\Libraries\Jolt\Build\CMakeLists.txt" />
  </ItemGroup>
  <ItemGroup>
    <FXCompile Include="D:\TRY_Engine\dev\Try\Libraries\Jolt\Assets\Shaders\FontVertexShader.hlsl">
      <Filter>Assets\Shaders</Filter>
    </FXCompile>
    <FXCompile Include="D:\TRY_Engine\dev\Try\Libraries\Jolt\Assets\Shaders\LineVertexShader.hlsl">
      <Filter>Assets\Shaders</Filter>
    </FXCompile>
    <FXCompile Include="D:\TRY_Engine\dev\Try\Libraries\Jolt\Assets\Shaders\TriangleDepthVertexShader.hlsl">
      <Filter>Assets\Shaders</Filter>
    </FXCompile>
    <FXCompile Include="D:\TRY_Engine\dev\Try\Libraries\Jolt\Assets\Shaders\TriangleVertexShader.hlsl">
      <Filter>Assets\Shaders</Filter>
    </FXCompile>
    <FXCompile Include="D:\TRY_Engine\dev\Try\Libraries\Jolt\Assets\Shaders\UIVertexShader.hlsl">
      <Filter>Assets\Shaders</Filter>
    </FXCompile>
    <FXCompile Include="D:\TRY_Engine\dev\Try\Libraries\Jolt\Assets\Shaders\FontPixelShader.hlsl">
      <Filter>Assets\Shaders</Filter>
    </FXCompile>
    <FXCompile Include="D:\TRY_Engine\dev\Try\Libraries\Jolt\Assets\Shaders\LinePixelShader.hlsl">
      <Filter>Assets\Shaders</Filter>
    </FXCompile>
    <FXCompile Include="D:\TRY_Engine\dev\Try\Libraries\Jolt\Assets\Shaders\TriangleDepthPixelShader.hlsl">
      <Filter>Assets\Shaders</Filter>
    </FXCompile>
    <FXCompile Include="D:\TRY_Engine\dev\Try\Libraries\Jolt\Assets\Shaders\TrianglePixelShader.hlsl">
      <Filter>Assets\Shaders</Filter>
    </FXCompile>
    <FXCompile Include="D:\TRY_Engine\dev\Try\Libraries\Jolt\Assets\Shaders\UIPixelShader.hlsl">
      <Filter>Assets\Shaders</Filter>
    </FXCompile>
    <FXCompile Include="D:\TRY_Engine\dev\Try\Libraries\Jolt\Assets\Shaders\UIPixelShaderUntextured.hlsl">
      <Filter>Assets\Shaders</Filter>
    </FXCompile>
  </ItemGroup>
  <ItemGroup>
    <None Include="D:\TRY_Engine\dev\Try\Libraries\Jolt\TestFramework\TestFramework.cmake" />
  </ItemGroup>
  <ItemGroup>
    <Filter Include="Application">
      <UniqueIdentifier>{6B40CDC1-35A4-3ACF-9ADD-87C4CB3E3767}</UniqueIdentifier>
    </Filter>
    <Filter Include="Assets">
      <UniqueIdentifier>{87E5719F-943D-32BF-93A4-5AC7CB35C061}</UniqueIdentifier>
    </Filter>
    <Filter Include="Assets\Shaders">
      <UniqueIdentifier>{DC29BCFD-CBAD-3E1D-B0D5-ADC940BCB53D}</UniqueIdentifier>
    </Filter>
    <Filter Include="Image">
      <UniqueIdentifier>{A29A2541-29C5-3B25-9B28-ABE16307E3EE}</UniqueIdentifier>
    </Filter>
    <Filter Include="Input">
      <UniqueIdentifier>{5F239573-2AEE-33D1-8EC5-1A8118E0D74B}</UniqueIdentifier>
    </Filter>
    <Filter Include="Math">
      <UniqueIdentifier>{2A1E1EDF-8608-387D-BD36-C92A9234F5EE}</UniqueIdentifier>
    </Filter>
    <Filter Include="Precompile Header File">
      <UniqueIdentifier>{C60B8D32-A9D6-3900-924C-151681C68C1B}</UniqueIdentifier>
    </Filter>
    <Filter Include="Renderer">
      <UniqueIdentifier>{E98345D8-3F35-3B06-9337-537DBE61EC18}</UniqueIdentifier>
    </Filter>
    <Filter Include="Source Files">
      <UniqueIdentifier>{6A1E3CAC-CFE5-3243-8F0B-E8125913780A}</UniqueIdentifier>
    </Filter>
    <Filter Include="UI">
      <UniqueIdentifier>{D2F93C28-EE4F-3267-BC7D-87E592809C00}</UniqueIdentifier>
    </Filter>
    <Filter Include="Utils">
      <UniqueIdentifier>{D0BA14A0-FD47-3349-96F9-F0C3B0BAADA4}</UniqueIdentifier>
    </Filter>
  </ItemGroup>
</Project>
